// !$*UTF8*$!
{
	archiveVersion = 1;
	classes = {
	};
	objectVersion = 51;
	objects = {

/* Begin PBXBuildFile section */
		1C767A50FCFFAAC2DFD1CC98 /* libPods-JFormTests.a in Frameworks */ = {isa = PBXBuildFile; fileRef = F04A01B8BC6A4FA843AB6E91 /* libPods-JFormTests.a */; };
		1D30410028F506DD00882389 /* NetworkImageNode.swift in Sources */ = {isa = PBXBuildFile; fileRef = 1D3040FF28F506DD00882389 /* NetworkImageNode.swift */; };
		1D30410228F5458F00882389 /* NetworkImageHelper.swift in Sources */ = {isa = PBXBuildFile; fileRef = 1D30410128F5458F00882389 /* NetworkImageHelper.swift */; };
		1D30414E28F65E5F00882389 /* LICENSE in Resources */ = {isa = PBXBuildFile; fileRef = 1D30410528F65E5E00882389 /* LICENSE */; };
		1D30414F28F65E5F00882389 /* README.md in Resources */ = {isa = PBXBuildFile; fileRef = 1D30410628F65E5E00882389 /* README.md */; };
		1D30415028F65E5F00882389 /* Storage.swift in Sources */ = {isa = PBXBuildFile; fileRef = 1D30410928F65E5E00882389 /* Storage.swift */; };
		1D30415128F65E5F00882389 /* ImageCache.swift in Sources */ = {isa = PBXBuildFile; fileRef = 1D30410A28F65E5E00882389 /* ImageCache.swift */; };
		1D30415228F65E5F00882389 /* MemoryStorage.swift in Sources */ = {isa = PBXBuildFile; fileRef = 1D30410B28F65E5E00882389 /* MemoryStorage.swift */; };
		1D30415328F65E5F00882389 /* DiskStorage.swift in Sources */ = {isa = PBXBuildFile; fileRef = 1D30410C28F65E5E00882389 /* DiskStorage.swift */; };
		1D30415428F65E5F00882389 /* CacheSerializer.swift in Sources */ = {isa = PBXBuildFile; fileRef = 1D30410D28F65E5E00882389 /* CacheSerializer.swift */; };
		1D30415528F65E5F00882389 /* FormatIndicatedCacheSerializer.swift in Sources */ = {isa = PBXBuildFile; fileRef = 1D30410E28F65E5E00882389 /* FormatIndicatedCacheSerializer.swift */; };
		1D30415628F65E5F00882389 /* Kingfisher.swift in Sources */ = {isa = PBXBuildFile; fileRef = 1D30411028F65E5E00882389 /* Kingfisher.swift */; };
		1D30415728F65E5F00882389 /* KingfisherError.swift in Sources */ = {isa = PBXBuildFile; fileRef = 1D30411128F65E5E00882389 /* KingfisherError.swift */; };
		1D30415828F65E5F00882389 /* KF.swift in Sources */ = {isa = PBXBuildFile; fileRef = 1D30411228F65E5E00882389 /* KF.swift */; };
		1D30415928F65E5F00882389 /* Source.swift in Sources */ = {isa = PBXBuildFile; fileRef = 1D30411428F65E5E00882389 /* Source.swift */; };
		1D30415A28F65E5F00882389 /* Resource.swift in Sources */ = {isa = PBXBuildFile; fileRef = 1D30411528F65E5E00882389 /* Resource.swift */; };
		1D30415B28F65E5F00882389 /* ImageDataProvider.swift in Sources */ = {isa = PBXBuildFile; fileRef = 1D30411628F65E5E00882389 /* ImageDataProvider.swift */; };
		1D30415C28F65E5F00882389 /* AVAssetImageDataProvider.swift in Sources */ = {isa = PBXBuildFile; fileRef = 1D30411728F65E5E00882389 /* AVAssetImageDataProvider.swift */; };
		1D30415D28F65E5F00882389 /* KFOptionsSetter.swift in Sources */ = {isa = PBXBuildFile; fileRef = 1D30411828F65E5E00882389 /* KFOptionsSetter.swift */; };
		1D30415E28F65E5F00882389 /* KingfisherManager.swift in Sources */ = {isa = PBXBuildFile; fileRef = 1D30411928F65E5E00882389 /* KingfisherManager.swift */; };
		1D30415F28F65E5F00882389 /* KingfisherOptionsInfo.swift in Sources */ = {isa = PBXBuildFile; fileRef = 1D30411A28F65E5E00882389 /* KingfisherOptionsInfo.swift */; };
		1D30416028F65E5F00882389 /* ImageDownloaderDelegate.swift in Sources */ = {isa = PBXBuildFile; fileRef = 1D30411C28F65E5E00882389 /* ImageDownloaderDelegate.swift */; };
		1D30416128F65E5F00882389 /* RequestModifier.swift in Sources */ = {isa = PBXBuildFile; fileRef = 1D30411D28F65E5E00882389 /* RequestModifier.swift */; };
		1D30416228F65E5F00882389 /* ImageDataProcessor.swift in Sources */ = {isa = PBXBuildFile; fileRef = 1D30411E28F65E5E00882389 /* ImageDataProcessor.swift */; };
		1D30416328F65E5F00882389 /* SessionDataTask.swift in Sources */ = {isa = PBXBuildFile; fileRef = 1D30411F28F65E5E00882389 /* SessionDataTask.swift */; };
		1D30416428F65E5F00882389 /* RedirectHandler.swift in Sources */ = {isa = PBXBuildFile; fileRef = 1D30412028F65E5E00882389 /* RedirectHandler.swift */; };
		1D30416528F65E5F00882389 /* ImageDownloader.swift in Sources */ = {isa = PBXBuildFile; fileRef = 1D30412128F65E5E00882389 /* ImageDownloader.swift */; };
		1D30416628F65E5F00882389 /* AuthenticationChallengeResponsable.swift in Sources */ = {isa = PBXBuildFile; fileRef = 1D30412228F65E5E00882389 /* AuthenticationChallengeResponsable.swift */; };
		1D30416728F65E5F00882389 /* ImageModifier.swift in Sources */ = {isa = PBXBuildFile; fileRef = 1D30412328F65E5E00882389 /* ImageModifier.swift */; };
		1D30416828F65E5F00882389 /* RetryStrategy.swift in Sources */ = {isa = PBXBuildFile; fileRef = 1D30412428F65E5E00882389 /* RetryStrategy.swift */; };
		1D30416928F65E5F00882389 /* SessionDelegate.swift in Sources */ = {isa = PBXBuildFile; fileRef = 1D30412528F65E5E00882389 /* SessionDelegate.swift */; };
		1D30416A28F65E5F00882389 /* ImagePrefetcher.swift in Sources */ = {isa = PBXBuildFile; fileRef = 1D30412628F65E5E00882389 /* ImagePrefetcher.swift */; };
		1D30416B28F65E5F00882389 /* ImageProgressive.swift in Sources */ = {isa = PBXBuildFile; fileRef = 1D30412828F65E5E00882389 /* ImageProgressive.swift */; };
		1D30416C28F65E5F00882389 /* Image.swift in Sources */ = {isa = PBXBuildFile; fileRef = 1D30412928F65E5E00882389 /* Image.swift */; };
		1D30416D28F65E5F00882389 /* ImageFormat.swift in Sources */ = {isa = PBXBuildFile; fileRef = 1D30412A28F65E5E00882389 /* ImageFormat.swift */; };
		1D30416E28F65E5F00882389 /* ImageDrawing.swift in Sources */ = {isa = PBXBuildFile; fileRef = 1D30412B28F65E5E00882389 /* ImageDrawing.swift */; };
		1D30416F28F65E5F00882389 /* ImageTransition.swift in Sources */ = {isa = PBXBuildFile; fileRef = 1D30412C28F65E5E00882389 /* ImageTransition.swift */; };
		1D30417028F65E5F00882389 /* ImageProcessor.swift in Sources */ = {isa = PBXBuildFile; fileRef = 1D30412D28F65E5F00882389 /* ImageProcessor.swift */; };
		1D30417128F65E5F00882389 /* GraphicsContext.swift in Sources */ = {isa = PBXBuildFile; fileRef = 1D30412E28F65E5F00882389 /* GraphicsContext.swift */; };
		1D30417228F65E5F00882389 /* Filter.swift in Sources */ = {isa = PBXBuildFile; fileRef = 1D30412F28F65E5F00882389 /* Filter.swift */; };
		1D30417328F65E5F00882389 /* Placeholder.swift in Sources */ = {isa = PBXBuildFile; fileRef = 1D30413028F65E5F00882389 /* Placeholder.swift */; };
		1D30417428F65E5F00882389 /* GIFAnimatedImage.swift in Sources */ = {isa = PBXBuildFile; fileRef = 1D30413128F65E5F00882389 /* GIFAnimatedImage.swift */; };
		1D30417528F65E5F00882389 /* TVMonogramView+Kingfisher.swift in Sources */ = {isa = PBXBuildFile; fileRef = 1D30413328F65E5F00882389 /* TVMonogramView+Kingfisher.swift */; };
		1D30417628F65E5F00882389 /* ImageView+Kingfisher.swift in Sources */ = {isa = PBXBuildFile; fileRef = 1D30413428F65E5F00882389 /* ImageView+Kingfisher.swift */; };
		1D30417728F65E5F00882389 /* NSButton+Kingfisher.swift in Sources */ = {isa = PBXBuildFile; fileRef = 1D30413528F65E5F00882389 /* NSButton+Kingfisher.swift */; };
		1D30417828F65E5F00882389 /* UIButton+Kingfisher.swift in Sources */ = {isa = PBXBuildFile; fileRef = 1D30413628F65E5F00882389 /* UIButton+Kingfisher.swift */; };
		1D30417928F65E5F00882389 /* WKInterfaceImage+Kingfisher.swift in Sources */ = {isa = PBXBuildFile; fileRef = 1D30413728F65E5F00882389 /* WKInterfaceImage+Kingfisher.swift */; };
		1D30417A28F65E5F00882389 /* NSTextAttachment+Kingfisher.swift in Sources */ = {isa = PBXBuildFile; fileRef = 1D30413828F65E5F00882389 /* NSTextAttachment+Kingfisher.swift */; };
		1D30417B28F65E5F00882389 /* CPListItem+Kingfisher.swift in Sources */ = {isa = PBXBuildFile; fileRef = 1D30413928F65E5F00882389 /* CPListItem+Kingfisher.swift */; };
		1D30417C28F65E5F00882389 /* Indicator.swift in Sources */ = {isa = PBXBuildFile; fileRef = 1D30413B28F65E5F00882389 /* Indicator.swift */; };
		1D30417D28F65E5F00882389 /* AnimatedImageView.swift in Sources */ = {isa = PBXBuildFile; fileRef = 1D30413C28F65E5F00882389 /* AnimatedImageView.swift */; };
		1D30417E28F65E5F00882389 /* ImageBinder.swift in Sources */ = {isa = PBXBuildFile; fileRef = 1D30413E28F65E5F00882389 /* ImageBinder.swift */; };
		1D30417F28F65E5F00882389 /* KFImageProtocol.swift in Sources */ = {isa = PBXBuildFile; fileRef = 1D30413F28F65E5F00882389 /* KFImageProtocol.swift */; };
		1D30418028F65E5F00882389 /* KFAnimatedImage.swift in Sources */ = {isa = PBXBuildFile; fileRef = 1D30414028F65E5F00882389 /* KFAnimatedImage.swift */; };
		1D30418128F65E5F00882389 /* KFImage.swift in Sources */ = {isa = PBXBuildFile; fileRef = 1D30414128F65E5F00882389 /* KFImage.swift */; };
		1D30418228F65E5F00882389 /* KFImageOptions.swift in Sources */ = {isa = PBXBuildFile; fileRef = 1D30414228F65E5F00882389 /* KFImageOptions.swift */; };
		1D30418328F65E5F00882389 /* ImageContext.swift in Sources */ = {isa = PBXBuildFile; fileRef = 1D30414328F65E5F00882389 /* ImageContext.swift */; };
		1D30418428F65E5F00882389 /* KFImageRenderer.swift in Sources */ = {isa = PBXBuildFile; fileRef = 1D30414428F65E5F00882389 /* KFImageRenderer.swift */; };
		1D30418528F65E5F00882389 /* Runtime.swift in Sources */ = {isa = PBXBuildFile; fileRef = 1D30414628F65E5F00882389 /* Runtime.swift */; };
		1D30418628F65E5F00882389 /* CallbackQueue.swift in Sources */ = {isa = PBXBuildFile; fileRef = 1D30414728F65E5F00882389 /* CallbackQueue.swift */; };
		1D30418728F65E5F00882389 /* Delegate.swift in Sources */ = {isa = PBXBuildFile; fileRef = 1D30414828F65E5F00882389 /* Delegate.swift */; };
		1D30418828F65E5F00882389 /* ExtensionHelpers.swift in Sources */ = {isa = PBXBuildFile; fileRef = 1D30414928F65E5F00882389 /* ExtensionHelpers.swift */; };
		1D30418928F65E5F00882389 /* Result.swift in Sources */ = {isa = PBXBuildFile; fileRef = 1D30414A28F65E5F00882389 /* Result.swift */; };
		1D30418A28F65E5F00882389 /* SizeExtensions.swift in Sources */ = {isa = PBXBuildFile; fileRef = 1D30414B28F65E5F00882389 /* SizeExtensions.swift */; };
		1D30418B28F65E5F00882389 /* Box.swift in Sources */ = {isa = PBXBuildFile; fileRef = 1D30414C28F65E5F00882389 /* Box.swift */; };
		1D30418C28F65E5F00882389 /* String+MD5.swift in Sources */ = {isa = PBXBuildFile; fileRef = 1D30414D28F65E5F00882389 /* String+MD5.swift */; };
		1D30418D28F93B5800882389 /* JFormTests-Bridging-Header.h in Sources */ = {isa = PBXBuildFile; fileRef = 1DE9BA7C275EFE2500D8E6F8 /* JFormTests-Bridging-Header.h */; };
		1D5B70E327E0315E00E35BB3 /* JForm.bundle in Resources */ = {isa = PBXBuildFile; fileRef = 1D5B70E227E0315E00E35BB3 /* JForm.bundle */; };
		1D820BFA26BA371C00E0F853 /* FormViewControlelr.swift in Sources */ = {isa = PBXBuildFile; fileRef = 1D820BF926BA371C00E0F853 /* FormViewControlelr.swift */; };
		1D820BFC26BA7D6400E0F853 /* OptionItem.swift in Sources */ = {isa = PBXBuildFile; fileRef = 1D820BFB26BA7D6400E0F853 /* OptionItem.swift */; };
		1DA20B4B27C8A7AA00161E8B /* JFormDescriptorDelegate.swift in Sources */ = {isa = PBXBuildFile; fileRef = 1DA20B4A27C8A7AA00161E8B /* JFormDescriptorDelegate.swift */; };
		1DADC74927682F9900520C91 /* FormFormViewController.swift in Sources */ = {isa = PBXBuildFile; fileRef = 1DADC74827682F9900520C91 /* FormFormViewController.swift */; };
		1DBFF21826AE95DD00C5DEAA /* JSelectViewController.swift in Sources */ = {isa = PBXBuildFile; fileRef = 1DBFF21726AE95DD00C5DEAA /* JSelectViewController.swift */; };
		1DBFF22626AFF16700C5DEAA /* TextViewController.swift in Sources */ = {isa = PBXBuildFile; fileRef = 1DBFF22526AFF16700C5DEAA /* TextViewController.swift */; };
		1DBFF22826AFF17000C5DEAA /* SelectViewController.swift in Sources */ = {isa = PBXBuildFile; fileRef = 1DBFF22726AFF17000C5DEAA /* SelectViewController.swift */; };
		1DBFF22A26AFF17900C5DEAA /* DateViewController.swift in Sources */ = {isa = PBXBuildFile; fileRef = 1DBFF22926AFF17900C5DEAA /* DateViewController.swift */; };
		1DBFF22C26AFF18400C5DEAA /* OtherViewController.swift in Sources */ = {isa = PBXBuildFile; fileRef = 1DBFF22B26AFF18400C5DEAA /* OtherViewController.swift */; };
		1DBFF22E26AFF18E00C5DEAA /* ValidatorViewController.swift in Sources */ = {isa = PBXBuildFile; fileRef = 1DBFF22D26AFF18E00C5DEAA /* ValidatorViewController.swift */; };
		1DBFF24426B8DAF700C5DEAA /* JValidateResult.swift in Sources */ = {isa = PBXBuildFile; fileRef = 1DBFF24326B8DAF700C5DEAA /* JValidateResult.swift */; };
		1DBFF24626B8DB3100C5DEAA /* JRegexValidator.swift in Sources */ = {isa = PBXBuildFile; fileRef = 1DBFF24526B8DB3000C5DEAA /* JRegexValidator.swift */; };
		1DE6341E2797EB39006380DC /* TestViewController.swift in Sources */ = {isa = PBXBuildFile; fileRef = 1DE6341D2797EB39006380DC /* TestViewController.swift */; };
		1DE7E77A26A54C48007EE3F9 /* AppDelegate.swift in Sources */ = {isa = PBXBuildFile; fileRef = 1DE7E77926A54C48007EE3F9 /* AppDelegate.swift */; };
		1DE7E77E26A54C48007EE3F9 /* ViewController.swift in Sources */ = {isa = PBXBuildFile; fileRef = 1DE7E77D26A54C48007EE3F9 /* ViewController.swift */; };
		1DE7E78126A54C48007EE3F9 /* Main.storyboard in Resources */ = {isa = PBXBuildFile; fileRef = 1DE7E77F26A54C48007EE3F9 /* Main.storyboard */; };
		1DE7E78326A54C4B007EE3F9 /* Assets.xcassets in Resources */ = {isa = PBXBuildFile; fileRef = 1DE7E78226A54C4B007EE3F9 /* Assets.xcassets */; };
		1DE7E78626A54C4B007EE3F9 /* LaunchScreen.storyboard in Resources */ = {isa = PBXBuildFile; fileRef = 1DE7E78426A54C4B007EE3F9 /* LaunchScreen.storyboard */; };
		1DE7E79126A54C4B007EE3F9 /* JFormTests.swift in Sources */ = {isa = PBXBuildFile; fileRef = 1DE7E79026A54C4B007EE3F9 /* JFormTests.swift */; };
		1DE7E7AC26A5525A007EE3F9 /* BaseDescriptor.swift in Sources */ = {isa = PBXBuildFile; fileRef = 1DE7E7AB26A5525A007EE3F9 /* BaseDescriptor.swift */; };
		1DE7E7AE26A55272007EE3F9 /* RowDescriptor.swift in Sources */ = {isa = PBXBuildFile; fileRef = 1DE7E7AD26A55272007EE3F9 /* RowDescriptor.swift */; };
		1DE7E7B026A55281007EE3F9 /* SectionDescriptor.swift in Sources */ = {isa = PBXBuildFile; fileRef = 1DE7E7AF26A55281007EE3F9 /* SectionDescriptor.swift */; };
		1DE7E7B226A5529D007EE3F9 /* FormDescriptor.swift in Sources */ = {isa = PBXBuildFile; fileRef = 1DE7E7B126A5529D007EE3F9 /* FormDescriptor.swift */; };
		1DE7E7B426A554A9007EE3F9 /* CommonAttributes.swift in Sources */ = {isa = PBXBuildFile; fileRef = 1DE7E7B326A554A9007EE3F9 /* CommonAttributes.swift */; };
		1DE7E7B726A5C041007EE3F9 /* JValidateProtocol.swift in Sources */ = {isa = PBXBuildFile; fileRef = 1DE7E7B626A5C041007EE3F9 /* JValidateProtocol.swift */; };
		1DE7E7BB26A666B3007EE3F9 /* JForm.swift in Sources */ = {isa = PBXBuildFile; fileRef = 1DE7E7BA26A666B3007EE3F9 /* JForm.swift */; };
		1DE7E7BE26A6680D007EE3F9 /* JFormDelegate.swift in Sources */ = {isa = PBXBuildFile; fileRef = 1DE7E7BD26A6680D007EE3F9 /* JFormDelegate.swift */; };
		1DE7E7C026A66CBD007EE3F9 /* JBaseCellNode.swift in Sources */ = {isa = PBXBuildFile; fileRef = 1DE7E7BF26A66CBD007EE3F9 /* JBaseCellNode.swift */; };
		1DE7E7C526A6FE98007EE3F9 /* JTextFieldCellNode.swift in Sources */ = {isa = PBXBuildFile; fileRef = 1DE7E7C426A6FE98007EE3F9 /* JTextFieldCellNode.swift */; };
		1DE7E7C726A70055007EE3F9 /* JTextViewCellNode.swift in Sources */ = {isa = PBXBuildFile; fileRef = 1DE7E7C626A70055007EE3F9 /* JTextViewCellNode.swift */; };
		1DE7E7C926A7045B007EE3F9 /* JSelectCellNode.swift in Sources */ = {isa = PBXBuildFile; fileRef = 1DE7E7C826A7045B007EE3F9 /* JSelectCellNode.swift */; };
		1DE7E7CB26A7046F007EE3F9 /* JDateCellNode.swift in Sources */ = {isa = PBXBuildFile; fileRef = 1DE7E7CA26A7046F007EE3F9 /* JDateCellNode.swift */; };
		1DE7E7CD26A7047A007EE3F9 /* JDateInlineCellNode.swift in Sources */ = {isa = PBXBuildFile; fileRef = 1DE7E7CC26A7047A007EE3F9 /* JDateInlineCellNode.swift */; };
		1DE7E7CF26A7048A007EE3F9 /* JSwitchCellNode.swift in Sources */ = {isa = PBXBuildFile; fileRef = 1DE7E7CE26A7048A007EE3F9 /* JSwitchCellNode.swift */; };
		1DE7E7D126A70499007EE3F9 /* JCheckCellNode.swift in Sources */ = {isa = PBXBuildFile; fileRef = 1DE7E7D026A70499007EE3F9 /* JCheckCellNode.swift */; };
		1DE7E7D326A704A5007EE3F9 /* JStepCounterCellNode.swift in Sources */ = {isa = PBXBuildFile; fileRef = 1DE7E7D226A704A5007EE3F9 /* JStepCounterCellNode.swift */; };
		1DE7E7D526A704B1007EE3F9 /* JSegmentCellNode.swift in Sources */ = {isa = PBXBuildFile; fileRef = 1DE7E7D426A704B1007EE3F9 /* JSegmentCellNode.swift */; };
		1DE7E7D726A704C5007EE3F9 /* JSliderCellNode.swift in Sources */ = {isa = PBXBuildFile; fileRef = 1DE7E7D626A704C5007EE3F9 /* JSliderCellNode.swift */; };
		1DE7E7DA26A7B81E007EE3F9 /* ColorConvertible.swift in Sources */ = {isa = PBXBuildFile; fileRef = 1DE7E7D926A7B81E007EE3F9 /* ColorConvertible.swift */; };
		1DE7E7E226A96F13007EE3F9 /* JInfoCellNode.swift in Sources */ = {isa = PBXBuildFile; fileRef = 1DE7E7E126A96F13007EE3F9 /* JInfoCellNode.swift */; };
		1DE9BA71275DFBA800D8E6F8 /* CoreGraphics.framework in Frameworks */ = {isa = PBXBuildFile; fileRef = 1DE9BA70275DFBA800D8E6F8 /* CoreGraphics.framework */; };
		1DE9BA73275DFBB600D8E6F8 /* QuartzCore.framework in Frameworks */ = {isa = PBXBuildFile; fileRef = 1DE9BA72275DFBB600D8E6F8 /* QuartzCore.framework */; };
		1DE9BA76275EF1DF00D8E6F8 /* UITests.swift in Sources */ = {isa = PBXBuildFile; fileRef = 1DE9BA75275EF1DF00D8E6F8 /* UITests.swift */; };
		1DE9BA7B275EFD8500D8E6F8 /* IOKit.framework in Frameworks */ = {isa = PBXBuildFile; fileRef = 1DE9BA7A275EFD8500D8E6F8 /* IOKit.framework */; };
		1DE9BA84275F018600D8E6F8 /* libKIF.a in Frameworks */ = {isa = PBXBuildFile; fileRef = 1DE9BA83275F018600D8E6F8 /* libKIF.a */; };
		1DE9BA86275F01DB00D8E6F8 /* XCTest.framework in Frameworks */ = {isa = PBXBuildFile; fileRef = 1DE9BA85275F01DB00D8E6F8 /* XCTest.framework */; };
		1DE9BA88275F419300D8E6F8 /* JFormTests-Bridging-Header.h in Sources */ = {isa = PBXBuildFile; fileRef = 1DE9BA7C275EFE2500D8E6F8 /* JFormTests-Bridging-Header.h */; };
		4F90F1620094F7D0D3437B4F /* Pods_JForm.framework in Frameworks */ = {isa = PBXBuildFile; fileRef = 9CD482B9BB665807E0184B74 /* Pods_JForm.framework */; };
/* End PBXBuildFile section */

/* Begin PBXContainerItemProxy section */
		1DE7E78D26A54C4B007EE3F9 /* PBXContainerItemProxy */ = {
			isa = PBXContainerItemProxy;
			containerPortal = 1DE7E76E26A54C48007EE3F9 /* Project object */;
			proxyType = 1;
			remoteGlobalIDString = 1DE7E77526A54C48007EE3F9;
			remoteInfo = JForm;
		};
/* End PBXContainerItemProxy section */

/* Begin PBXFileReference section */
		1D3040FF28F506DD00882389 /* NetworkImageNode.swift */ = {isa = PBXFileReference; lastKnownFileType = sourcecode.swift; path = NetworkImageNode.swift; sourceTree = "<group>"; };
		1D30410128F5458F00882389 /* NetworkImageHelper.swift */ = {isa = PBXFileReference; lastKnownFileType = sourcecode.swift; path = NetworkImageHelper.swift; sourceTree = "<group>"; };
		1D30410528F65E5E00882389 /* LICENSE */ = {isa = PBXFileReference; fileEncoding = 4; lastKnownFileType = text; path = LICENSE; sourceTree = "<group>"; };
		1D30410628F65E5E00882389 /* README.md */ = {isa = PBXFileReference; fileEncoding = 4; lastKnownFileType = net.daringfireball.markdown; path = README.md; sourceTree = "<group>"; };
		1D30410928F65E5E00882389 /* Storage.swift */ = {isa = PBXFileReference; fileEncoding = 4; lastKnownFileType = sourcecode.swift; path = Storage.swift; sourceTree = "<group>"; };
		1D30410A28F65E5E00882389 /* ImageCache.swift */ = {isa = PBXFileReference; fileEncoding = 4; lastKnownFileType = sourcecode.swift; path = ImageCache.swift; sourceTree = "<group>"; };
		1D30410B28F65E5E00882389 /* MemoryStorage.swift */ = {isa = PBXFileReference; fileEncoding = 4; lastKnownFileType = sourcecode.swift; path = MemoryStorage.swift; sourceTree = "<group>"; };
		1D30410C28F65E5E00882389 /* DiskStorage.swift */ = {isa = PBXFileReference; fileEncoding = 4; lastKnownFileType = sourcecode.swift; path = DiskStorage.swift; sourceTree = "<group>"; };
		1D30410D28F65E5E00882389 /* CacheSerializer.swift */ = {isa = PBXFileReference; fileEncoding = 4; lastKnownFileType = sourcecode.swift; path = CacheSerializer.swift; sourceTree = "<group>"; };
		1D30410E28F65E5E00882389 /* FormatIndicatedCacheSerializer.swift */ = {isa = PBXFileReference; fileEncoding = 4; lastKnownFileType = sourcecode.swift; path = FormatIndicatedCacheSerializer.swift; sourceTree = "<group>"; };
		1D30411028F65E5E00882389 /* Kingfisher.swift */ = {isa = PBXFileReference; fileEncoding = 4; lastKnownFileType = sourcecode.swift; path = Kingfisher.swift; sourceTree = "<group>"; };
		1D30411128F65E5E00882389 /* KingfisherError.swift */ = {isa = PBXFileReference; fileEncoding = 4; lastKnownFileType = sourcecode.swift; path = KingfisherError.swift; sourceTree = "<group>"; };
		1D30411228F65E5E00882389 /* KF.swift */ = {isa = PBXFileReference; fileEncoding = 4; lastKnownFileType = sourcecode.swift; path = KF.swift; sourceTree = "<group>"; };
		1D30411428F65E5E00882389 /* Source.swift */ = {isa = PBXFileReference; fileEncoding = 4; lastKnownFileType = sourcecode.swift; path = Source.swift; sourceTree = "<group>"; };
		1D30411528F65E5E00882389 /* Resource.swift */ = {isa = PBXFileReference; fileEncoding = 4; lastKnownFileType = sourcecode.swift; path = Resource.swift; sourceTree = "<group>"; };
		1D30411628F65E5E00882389 /* ImageDataProvider.swift */ = {isa = PBXFileReference; fileEncoding = 4; lastKnownFileType = sourcecode.swift; path = ImageDataProvider.swift; sourceTree = "<group>"; };
		1D30411728F65E5E00882389 /* AVAssetImageDataProvider.swift */ = {isa = PBXFileReference; fileEncoding = 4; lastKnownFileType = sourcecode.swift; path = AVAssetImageDataProvider.swift; sourceTree = "<group>"; };
		1D30411828F65E5E00882389 /* KFOptionsSetter.swift */ = {isa = PBXFileReference; fileEncoding = 4; lastKnownFileType = sourcecode.swift; path = KFOptionsSetter.swift; sourceTree = "<group>"; };
		1D30411928F65E5E00882389 /* KingfisherManager.swift */ = {isa = PBXFileReference; fileEncoding = 4; lastKnownFileType = sourcecode.swift; path = KingfisherManager.swift; sourceTree = "<group>"; };
		1D30411A28F65E5E00882389 /* KingfisherOptionsInfo.swift */ = {isa = PBXFileReference; fileEncoding = 4; lastKnownFileType = sourcecode.swift; path = KingfisherOptionsInfo.swift; sourceTree = "<group>"; };
		1D30411C28F65E5E00882389 /* ImageDownloaderDelegate.swift */ = {isa = PBXFileReference; fileEncoding = 4; lastKnownFileType = sourcecode.swift; path = ImageDownloaderDelegate.swift; sourceTree = "<group>"; };
		1D30411D28F65E5E00882389 /* RequestModifier.swift */ = {isa = PBXFileReference; fileEncoding = 4; lastKnownFileType = sourcecode.swift; path = RequestModifier.swift; sourceTree = "<group>"; };
		1D30411E28F65E5E00882389 /* ImageDataProcessor.swift */ = {isa = PBXFileReference; fileEncoding = 4; lastKnownFileType = sourcecode.swift; path = ImageDataProcessor.swift; sourceTree = "<group>"; };
		1D30411F28F65E5E00882389 /* SessionDataTask.swift */ = {isa = PBXFileReference; fileEncoding = 4; lastKnownFileType = sourcecode.swift; path = SessionDataTask.swift; sourceTree = "<group>"; };
		1D30412028F65E5E00882389 /* RedirectHandler.swift */ = {isa = PBXFileReference; fileEncoding = 4; lastKnownFileType = sourcecode.swift; path = RedirectHandler.swift; sourceTree = "<group>"; };
		1D30412128F65E5E00882389 /* ImageDownloader.swift */ = {isa = PBXFileReference; fileEncoding = 4; lastKnownFileType = sourcecode.swift; path = ImageDownloader.swift; sourceTree = "<group>"; };
		1D30412228F65E5E00882389 /* AuthenticationChallengeResponsable.swift */ = {isa = PBXFileReference; fileEncoding = 4; lastKnownFileType = sourcecode.swift; path = AuthenticationChallengeResponsable.swift; sourceTree = "<group>"; };
		1D30412328F65E5E00882389 /* ImageModifier.swift */ = {isa = PBXFileReference; fileEncoding = 4; lastKnownFileType = sourcecode.swift; path = ImageModifier.swift; sourceTree = "<group>"; };
		1D30412428F65E5E00882389 /* RetryStrategy.swift */ = {isa = PBXFileReference; fileEncoding = 4; lastKnownFileType = sourcecode.swift; path = RetryStrategy.swift; sourceTree = "<group>"; };
		1D30412528F65E5E00882389 /* SessionDelegate.swift */ = {isa = PBXFileReference; fileEncoding = 4; lastKnownFileType = sourcecode.swift; path = SessionDelegate.swift; sourceTree = "<group>"; };
		1D30412628F65E5E00882389 /* ImagePrefetcher.swift */ = {isa = PBXFileReference; fileEncoding = 4; lastKnownFileType = sourcecode.swift; path = ImagePrefetcher.swift; sourceTree = "<group>"; };
		1D30412828F65E5E00882389 /* ImageProgressive.swift */ = {isa = PBXFileReference; fileEncoding = 4; lastKnownFileType = sourcecode.swift; path = ImageProgressive.swift; sourceTree = "<group>"; };
		1D30412928F65E5E00882389 /* Image.swift */ = {isa = PBXFileReference; fileEncoding = 4; lastKnownFileType = sourcecode.swift; path = Image.swift; sourceTree = "<group>"; };
		1D30412A28F65E5E00882389 /* ImageFormat.swift */ = {isa = PBXFileReference; fileEncoding = 4; lastKnownFileType = sourcecode.swift; path = ImageFormat.swift; sourceTree = "<group>"; };
		1D30412B28F65E5E00882389 /* ImageDrawing.swift */ = {isa = PBXFileReference; fileEncoding = 4; lastKnownFileType = sourcecode.swift; path = ImageDrawing.swift; sourceTree = "<group>"; };
		1D30412C28F65E5E00882389 /* ImageTransition.swift */ = {isa = PBXFileReference; fileEncoding = 4; lastKnownFileType = sourcecode.swift; path = ImageTransition.swift; sourceTree = "<group>"; };
		1D30412D28F65E5F00882389 /* ImageProcessor.swift */ = {isa = PBXFileReference; fileEncoding = 4; lastKnownFileType = sourcecode.swift; path = ImageProcessor.swift; sourceTree = "<group>"; };
		1D30412E28F65E5F00882389 /* GraphicsContext.swift */ = {isa = PBXFileReference; fileEncoding = 4; lastKnownFileType = sourcecode.swift; path = GraphicsContext.swift; sourceTree = "<group>"; };
		1D30412F28F65E5F00882389 /* Filter.swift */ = {isa = PBXFileReference; fileEncoding = 4; lastKnownFileType = sourcecode.swift; path = Filter.swift; sourceTree = "<group>"; };
		1D30413028F65E5F00882389 /* Placeholder.swift */ = {isa = PBXFileReference; fileEncoding = 4; lastKnownFileType = sourcecode.swift; path = Placeholder.swift; sourceTree = "<group>"; };
		1D30413128F65E5F00882389 /* GIFAnimatedImage.swift */ = {isa = PBXFileReference; fileEncoding = 4; lastKnownFileType = sourcecode.swift; path = GIFAnimatedImage.swift; sourceTree = "<group>"; };
		1D30413328F65E5F00882389 /* TVMonogramView+Kingfisher.swift */ = {isa = PBXFileReference; fileEncoding = 4; lastKnownFileType = sourcecode.swift; path = "TVMonogramView+Kingfisher.swift"; sourceTree = "<group>"; };
		1D30413428F65E5F00882389 /* ImageView+Kingfisher.swift */ = {isa = PBXFileReference; fileEncoding = 4; lastKnownFileType = sourcecode.swift; path = "ImageView+Kingfisher.swift"; sourceTree = "<group>"; };
		1D30413528F65E5F00882389 /* NSButton+Kingfisher.swift */ = {isa = PBXFileReference; fileEncoding = 4; lastKnownFileType = sourcecode.swift; path = "NSButton+Kingfisher.swift"; sourceTree = "<group>"; };
		1D30413628F65E5F00882389 /* UIButton+Kingfisher.swift */ = {isa = PBXFileReference; fileEncoding = 4; lastKnownFileType = sourcecode.swift; path = "UIButton+Kingfisher.swift"; sourceTree = "<group>"; };
		1D30413728F65E5F00882389 /* WKInterfaceImage+Kingfisher.swift */ = {isa = PBXFileReference; fileEncoding = 4; lastKnownFileType = sourcecode.swift; path = "WKInterfaceImage+Kingfisher.swift"; sourceTree = "<group>"; };
		1D30413828F65E5F00882389 /* NSTextAttachment+Kingfisher.swift */ = {isa = PBXFileReference; fileEncoding = 4; lastKnownFileType = sourcecode.swift; path = "NSTextAttachment+Kingfisher.swift"; sourceTree = "<group>"; };
		1D30413928F65E5F00882389 /* CPListItem+Kingfisher.swift */ = {isa = PBXFileReference; fileEncoding = 4; lastKnownFileType = sourcecode.swift; path = "CPListItem+Kingfisher.swift"; sourceTree = "<group>"; };
		1D30413B28F65E5F00882389 /* Indicator.swift */ = {isa = PBXFileReference; fileEncoding = 4; lastKnownFileType = sourcecode.swift; path = Indicator.swift; sourceTree = "<group>"; };
		1D30413C28F65E5F00882389 /* AnimatedImageView.swift */ = {isa = PBXFileReference; fileEncoding = 4; lastKnownFileType = sourcecode.swift; path = AnimatedImageView.swift; sourceTree = "<group>"; };
		1D30413E28F65E5F00882389 /* ImageBinder.swift */ = {isa = PBXFileReference; fileEncoding = 4; lastKnownFileType = sourcecode.swift; path = ImageBinder.swift; sourceTree = "<group>"; };
		1D30413F28F65E5F00882389 /* KFImageProtocol.swift */ = {isa = PBXFileReference; fileEncoding = 4; lastKnownFileType = sourcecode.swift; path = KFImageProtocol.swift; sourceTree = "<group>"; };
		1D30414028F65E5F00882389 /* KFAnimatedImage.swift */ = {isa = PBXFileReference; fileEncoding = 4; lastKnownFileType = sourcecode.swift; path = KFAnimatedImage.swift; sourceTree = "<group>"; };
		1D30414128F65E5F00882389 /* KFImage.swift */ = {isa = PBXFileReference; fileEncoding = 4; lastKnownFileType = sourcecode.swift; path = KFImage.swift; sourceTree = "<group>"; };
		1D30414228F65E5F00882389 /* KFImageOptions.swift */ = {isa = PBXFileReference; fileEncoding = 4; lastKnownFileType = sourcecode.swift; path = KFImageOptions.swift; sourceTree = "<group>"; };
		1D30414328F65E5F00882389 /* ImageContext.swift */ = {isa = PBXFileReference; fileEncoding = 4; lastKnownFileType = sourcecode.swift; path = ImageContext.swift; sourceTree = "<group>"; };
		1D30414428F65E5F00882389 /* KFImageRenderer.swift */ = {isa = PBXFileReference; fileEncoding = 4; lastKnownFileType = sourcecode.swift; path = KFImageRenderer.swift; sourceTree = "<group>"; };
		1D30414628F65E5F00882389 /* Runtime.swift */ = {isa = PBXFileReference; fileEncoding = 4; lastKnownFileType = sourcecode.swift; path = Runtime.swift; sourceTree = "<group>"; };
		1D30414728F65E5F00882389 /* CallbackQueue.swift */ = {isa = PBXFileReference; fileEncoding = 4; lastKnownFileType = sourcecode.swift; path = CallbackQueue.swift; sourceTree = "<group>"; };
		1D30414828F65E5F00882389 /* Delegate.swift */ = {isa = PBXFileReference; fileEncoding = 4; lastKnownFileType = sourcecode.swift; path = Delegate.swift; sourceTree = "<group>"; };
		1D30414928F65E5F00882389 /* ExtensionHelpers.swift */ = {isa = PBXFileReference; fileEncoding = 4; lastKnownFileType = sourcecode.swift; path = ExtensionHelpers.swift; sourceTree = "<group>"; };
		1D30414A28F65E5F00882389 /* Result.swift */ = {isa = PBXFileReference; fileEncoding = 4; lastKnownFileType = sourcecode.swift; path = Result.swift; sourceTree = "<group>"; };
		1D30414B28F65E5F00882389 /* SizeExtensions.swift */ = {isa = PBXFileReference; fileEncoding = 4; lastKnownFileType = sourcecode.swift; path = SizeExtensions.swift; sourceTree = "<group>"; };
		1D30414C28F65E5F00882389 /* Box.swift */ = {isa = PBXFileReference; fileEncoding = 4; lastKnownFileType = sourcecode.swift; path = Box.swift; sourceTree = "<group>"; };
		1D30414D28F65E5F00882389 /* String+MD5.swift */ = {isa = PBXFileReference; fileEncoding = 4; lastKnownFileType = sourcecode.swift; path = "String+MD5.swift"; sourceTree = "<group>"; };
		1D5B70E227E0315E00E35BB3 /* JForm.bundle */ = {isa = PBXFileReference; lastKnownFileType = "wrapper.plug-in"; path = JForm.bundle; sourceTree = "<group>"; };
		1D820BF926BA371C00E0F853 /* FormViewControlelr.swift */ = {isa = PBXFileReference; lastKnownFileType = sourcecode.swift; path = FormViewControlelr.swift; sourceTree = "<group>"; };
		1D820BFB26BA7D6400E0F853 /* OptionItem.swift */ = {isa = PBXFileReference; lastKnownFileType = sourcecode.swift; path = OptionItem.swift; sourceTree = "<group>"; };
		1DA20B4A27C8A7AA00161E8B /* JFormDescriptorDelegate.swift */ = {isa = PBXFileReference; fileEncoding = 4; lastKnownFileType = sourcecode.swift; path = JFormDescriptorDelegate.swift; sourceTree = "<group>"; };
		1DADC74827682F9900520C91 /* FormFormViewController.swift */ = {isa = PBXFileReference; lastKnownFileType = sourcecode.swift; path = FormFormViewController.swift; sourceTree = "<group>"; };
		1DBFF21726AE95DD00C5DEAA /* JSelectViewController.swift */ = {isa = PBXFileReference; lastKnownFileType = sourcecode.swift; path = JSelectViewController.swift; sourceTree = "<group>"; };
		1DBFF22526AFF16700C5DEAA /* TextViewController.swift */ = {isa = PBXFileReference; lastKnownFileType = sourcecode.swift; path = TextViewController.swift; sourceTree = "<group>"; };
		1DBFF22726AFF17000C5DEAA /* SelectViewController.swift */ = {isa = PBXFileReference; lastKnownFileType = sourcecode.swift; path = SelectViewController.swift; sourceTree = "<group>"; };
		1DBFF22926AFF17900C5DEAA /* DateViewController.swift */ = {isa = PBXFileReference; lastKnownFileType = sourcecode.swift; path = DateViewController.swift; sourceTree = "<group>"; };
		1DBFF22B26AFF18400C5DEAA /* OtherViewController.swift */ = {isa = PBXFileReference; lastKnownFileType = sourcecode.swift; path = OtherViewController.swift; sourceTree = "<group>"; };
		1DBFF22D26AFF18E00C5DEAA /* ValidatorViewController.swift */ = {isa = PBXFileReference; lastKnownFileType = sourcecode.swift; path = ValidatorViewController.swift; sourceTree = "<group>"; };
		1DBFF24326B8DAF700C5DEAA /* JValidateResult.swift */ = {isa = PBXFileReference; lastKnownFileType = sourcecode.swift; path = JValidateResult.swift; sourceTree = "<group>"; };
		1DBFF24526B8DB3000C5DEAA /* JRegexValidator.swift */ = {isa = PBXFileReference; lastKnownFileType = sourcecode.swift; path = JRegexValidator.swift; sourceTree = "<group>"; };
		1DE6341D2797EB39006380DC /* TestViewController.swift */ = {isa = PBXFileReference; lastKnownFileType = sourcecode.swift; path = TestViewController.swift; sourceTree = "<group>"; };
		1DE7E77626A54C48007EE3F9 /* JForm.app */ = {isa = PBXFileReference; explicitFileType = wrapper.application; includeInIndex = 0; path = JForm.app; sourceTree = BUILT_PRODUCTS_DIR; };
		1DE7E77926A54C48007EE3F9 /* AppDelegate.swift */ = {isa = PBXFileReference; lastKnownFileType = sourcecode.swift; path = AppDelegate.swift; sourceTree = "<group>"; };
		1DE7E77D26A54C48007EE3F9 /* ViewController.swift */ = {isa = PBXFileReference; lastKnownFileType = sourcecode.swift; path = ViewController.swift; sourceTree = "<group>"; };
		1DE7E78026A54C48007EE3F9 /* Base */ = {isa = PBXFileReference; lastKnownFileType = file.storyboard; name = Base; path = Base.lproj/Main.storyboard; sourceTree = "<group>"; };
		1DE7E78226A54C4B007EE3F9 /* Assets.xcassets */ = {isa = PBXFileReference; lastKnownFileType = folder.assetcatalog; path = Assets.xcassets; sourceTree = "<group>"; };
		1DE7E78526A54C4B007EE3F9 /* Base */ = {isa = PBXFileReference; lastKnownFileType = file.storyboard; name = Base; path = Base.lproj/LaunchScreen.storyboard; sourceTree = "<group>"; };
		1DE7E78726A54C4B007EE3F9 /* Info.plist */ = {isa = PBXFileReference; lastKnownFileType = text.plist.xml; path = Info.plist; sourceTree = "<group>"; };
		1DE7E78C26A54C4B007EE3F9 /* JFormTests.xctest */ = {isa = PBXFileReference; explicitFileType = wrapper.cfbundle; includeInIndex = 0; path = JFormTests.xctest; sourceTree = BUILT_PRODUCTS_DIR; };
		1DE7E79026A54C4B007EE3F9 /* JFormTests.swift */ = {isa = PBXFileReference; lastKnownFileType = sourcecode.swift; path = JFormTests.swift; sourceTree = "<group>"; };
		1DE7E79226A54C4B007EE3F9 /* Info.plist */ = {isa = PBXFileReference; lastKnownFileType = text.plist.xml; path = Info.plist; sourceTree = "<group>"; };
		1DE7E7AB26A5525A007EE3F9 /* BaseDescriptor.swift */ = {isa = PBXFileReference; lastKnownFileType = sourcecode.swift; path = BaseDescriptor.swift; sourceTree = "<group>"; };
		1DE7E7AD26A55272007EE3F9 /* RowDescriptor.swift */ = {isa = PBXFileReference; lastKnownFileType = sourcecode.swift; path = RowDescriptor.swift; sourceTree = "<group>"; };
		1DE7E7AF26A55281007EE3F9 /* SectionDescriptor.swift */ = {isa = PBXFileReference; lastKnownFileType = sourcecode.swift; path = SectionDescriptor.swift; sourceTree = "<group>"; };
		1DE7E7B126A5529D007EE3F9 /* FormDescriptor.swift */ = {isa = PBXFileReference; lastKnownFileType = sourcecode.swift; path = FormDescriptor.swift; sourceTree = "<group>"; };
		1DE7E7B326A554A9007EE3F9 /* CommonAttributes.swift */ = {isa = PBXFileReference; lastKnownFileType = sourcecode.swift; path = CommonAttributes.swift; sourceTree = "<group>"; };
		1DE7E7B626A5C041007EE3F9 /* JValidateProtocol.swift */ = {isa = PBXFileReference; lastKnownFileType = sourcecode.swift; path = JValidateProtocol.swift; sourceTree = "<group>"; };
		1DE7E7BA26A666B3007EE3F9 /* JForm.swift */ = {isa = PBXFileReference; lastKnownFileType = sourcecode.swift; path = JForm.swift; sourceTree = "<group>"; };
		1DE7E7BD26A6680D007EE3F9 /* JFormDelegate.swift */ = {isa = PBXFileReference; lastKnownFileType = sourcecode.swift; path = JFormDelegate.swift; sourceTree = "<group>"; };
		1DE7E7BF26A66CBD007EE3F9 /* JBaseCellNode.swift */ = {isa = PBXFileReference; lastKnownFileType = sourcecode.swift; path = JBaseCellNode.swift; sourceTree = "<group>"; };
		1DE7E7C426A6FE98007EE3F9 /* JTextFieldCellNode.swift */ = {isa = PBXFileReference; lastKnownFileType = sourcecode.swift; path = JTextFieldCellNode.swift; sourceTree = "<group>"; };
		1DE7E7C626A70055007EE3F9 /* JTextViewCellNode.swift */ = {isa = PBXFileReference; lastKnownFileType = sourcecode.swift; path = JTextViewCellNode.swift; sourceTree = "<group>"; };
		1DE7E7C826A7045B007EE3F9 /* JSelectCellNode.swift */ = {isa = PBXFileReference; lastKnownFileType = sourcecode.swift; path = JSelectCellNode.swift; sourceTree = "<group>"; };
		1DE7E7CA26A7046F007EE3F9 /* JDateCellNode.swift */ = {isa = PBXFileReference; lastKnownFileType = sourcecode.swift; path = JDateCellNode.swift; sourceTree = "<group>"; };
		1DE7E7CC26A7047A007EE3F9 /* JDateInlineCellNode.swift */ = {isa = PBXFileReference; lastKnownFileType = sourcecode.swift; path = JDateInlineCellNode.swift; sourceTree = "<group>"; };
		1DE7E7CE26A7048A007EE3F9 /* JSwitchCellNode.swift */ = {isa = PBXFileReference; lastKnownFileType = sourcecode.swift; path = JSwitchCellNode.swift; sourceTree = "<group>"; };
		1DE7E7D026A70499007EE3F9 /* JCheckCellNode.swift */ = {isa = PBXFileReference; lastKnownFileType = sourcecode.swift; path = JCheckCellNode.swift; sourceTree = "<group>"; };
		1DE7E7D226A704A5007EE3F9 /* JStepCounterCellNode.swift */ = {isa = PBXFileReference; lastKnownFileType = sourcecode.swift; path = JStepCounterCellNode.swift; sourceTree = "<group>"; };
		1DE7E7D426A704B1007EE3F9 /* JSegmentCellNode.swift */ = {isa = PBXFileReference; lastKnownFileType = sourcecode.swift; path = JSegmentCellNode.swift; sourceTree = "<group>"; };
		1DE7E7D626A704C5007EE3F9 /* JSliderCellNode.swift */ = {isa = PBXFileReference; lastKnownFileType = sourcecode.swift; path = JSliderCellNode.swift; sourceTree = "<group>"; };
		1DE7E7D926A7B81E007EE3F9 /* ColorConvertible.swift */ = {isa = PBXFileReference; lastKnownFileType = sourcecode.swift; path = ColorConvertible.swift; sourceTree = "<group>"; };
		1DE7E7E126A96F13007EE3F9 /* JInfoCellNode.swift */ = {isa = PBXFileReference; lastKnownFileType = sourcecode.swift; path = JInfoCellNode.swift; sourceTree = "<group>"; };
		1DE9BA70275DFBA800D8E6F8 /* CoreGraphics.framework */ = {isa = PBXFileReference; lastKnownFileType = wrapper.framework; name = CoreGraphics.framework; path = Platforms/MacOSX.platform/Developer/SDKs/MacOSX12.0.sdk/System/Library/Frameworks/CoreGraphics.framework; sourceTree = DEVELOPER_DIR; };
		1DE9BA72275DFBB600D8E6F8 /* QuartzCore.framework */ = {isa = PBXFileReference; lastKnownFileType = wrapper.framework; name = QuartzCore.framework; path = Platforms/MacOSX.platform/Developer/SDKs/MacOSX12.0.sdk/System/Library/Frameworks/QuartzCore.framework; sourceTree = DEVELOPER_DIR; };
		1DE9BA75275EF1DF00D8E6F8 /* UITests.swift */ = {isa = PBXFileReference; lastKnownFileType = sourcecode.swift; path = UITests.swift; sourceTree = "<group>"; };
		1DE9BA7A275EFD8500D8E6F8 /* IOKit.framework */ = {isa = PBXFileReference; lastKnownFileType = wrapper.framework; name = IOKit.framework; path = Platforms/MacOSX.platform/Developer/SDKs/MacOSX12.0.sdk/System/Library/Frameworks/IOKit.framework; sourceTree = DEVELOPER_DIR; };
		1DE9BA7C275EFE2500D8E6F8 /* JFormTests-Bridging-Header.h */ = {isa = PBXFileReference; lastKnownFileType = sourcecode.c.h; path = "JFormTests-Bridging-Header.h"; sourceTree = "<group>"; };
		1DE9BA83275F018600D8E6F8 /* libKIF.a */ = {isa = PBXFileReference; explicitFileType = archive.ar; path = libKIF.a; sourceTree = BUILT_PRODUCTS_DIR; };
		1DE9BA85275F01DB00D8E6F8 /* XCTest.framework */ = {isa = PBXFileReference; lastKnownFileType = wrapper.framework; name = XCTest.framework; path = Platforms/iPhoneOS.platform/Developer/Library/Frameworks/XCTest.framework; sourceTree = DEVELOPER_DIR; };
		256C2159558373B227EE838D /* Pods-JForm.release.xcconfig */ = {isa = PBXFileReference; includeInIndex = 1; lastKnownFileType = text.xcconfig; name = "Pods-JForm.release.xcconfig"; path = "Target Support Files/Pods-JForm/Pods-JForm.release.xcconfig"; sourceTree = "<group>"; };
		750701BF502CB83A9D607C6E /* Pods-JForm.debug.xcconfig */ = {isa = PBXFileReference; includeInIndex = 1; lastKnownFileType = text.xcconfig; name = "Pods-JForm.debug.xcconfig"; path = "Target Support Files/Pods-JForm/Pods-JForm.debug.xcconfig"; sourceTree = "<group>"; };
		824FA5EC985301EC5DD1B999 /* Pods-JFormTests.release.xcconfig */ = {isa = PBXFileReference; includeInIndex = 1; lastKnownFileType = text.xcconfig; name = "Pods-JFormTests.release.xcconfig"; path = "Target Support Files/Pods-JFormTests/Pods-JFormTests.release.xcconfig"; sourceTree = "<group>"; };
		9CD482B9BB665807E0184B74 /* Pods_JForm.framework */ = {isa = PBXFileReference; explicitFileType = wrapper.framework; includeInIndex = 0; path = Pods_JForm.framework; sourceTree = BUILT_PRODUCTS_DIR; };
		BD0DF0DA09D5C0DD8EA63FF8 /* Pods-JFormTests.debug.xcconfig */ = {isa = PBXFileReference; includeInIndex = 1; lastKnownFileType = text.xcconfig; name = "Pods-JFormTests.debug.xcconfig"; path = "Target Support Files/Pods-JFormTests/Pods-JFormTests.debug.xcconfig"; sourceTree = "<group>"; };
		F04A01B8BC6A4FA843AB6E91 /* libPods-JFormTests.a */ = {isa = PBXFileReference; explicitFileType = archive.ar; includeInIndex = 0; path = "libPods-JFormTests.a"; sourceTree = BUILT_PRODUCTS_DIR; };
/* End PBXFileReference section */

/* Begin PBXFrameworksBuildPhase section */
		1DE7E77326A54C48007EE3F9 /* Frameworks */ = {
			isa = PBXFrameworksBuildPhase;
			buildActionMask = 2147483647;
			files = (
				4F90F1620094F7D0D3437B4F /* Pods_JForm.framework in Frameworks */,
			);
			runOnlyForDeploymentPostprocessing = 0;
		};
		1DE7E78926A54C4B007EE3F9 /* Frameworks */ = {
			isa = PBXFrameworksBuildPhase;
			buildActionMask = 2147483647;
			files = (
				1DE9BA86275F01DB00D8E6F8 /* XCTest.framework in Frameworks */,
				1DE9BA84275F018600D8E6F8 /* libKIF.a in Frameworks */,
				1DE9BA7B275EFD8500D8E6F8 /* IOKit.framework in Frameworks */,
				1DE9BA73275DFBB600D8E6F8 /* QuartzCore.framework in Frameworks */,
				1DE9BA71275DFBA800D8E6F8 /* CoreGraphics.framework in Frameworks */,
				1C767A50FCFFAAC2DFD1CC98 /* libPods-JFormTests.a in Frameworks */,
			);
			runOnlyForDeploymentPostprocessing = 0;
		};
/* End PBXFrameworksBuildPhase section */

/* Begin PBXGroup section */
		1D3040FE28F506C200882389 /* node */ = {
			isa = PBXGroup;
			children = (
				1D3040FF28F506DD00882389 /* NetworkImageNode.swift */,
			);
			path = node;
			sourceTree = "<group>";
		};
		1D30410428F65E5E00882389 /* Kingfisher */ = {
			isa = PBXGroup;
			children = (
				1D30410528F65E5E00882389 /* LICENSE */,
				1D30410628F65E5E00882389 /* README.md */,
				1D30410728F65E5E00882389 /* Sources */,
			);
			path = Kingfisher;
			sourceTree = "<group>";
		};
		1D30410728F65E5E00882389 /* Sources */ = {
			isa = PBXGroup;
			children = (
				1D30410828F65E5E00882389 /* Cache */,
				1D30410F28F65E5E00882389 /* General */,
				1D30411B28F65E5E00882389 /* Networking */,
				1D30412728F65E5E00882389 /* Image */,
				1D30413228F65E5F00882389 /* Extensions */,
				1D30413A28F65E5F00882389 /* Views */,
				1D30413D28F65E5F00882389 /* SwiftUI */,
				1D30414528F65E5F00882389 /* Utility */,
			);
			path = Sources;
			sourceTree = "<group>";
		};
		1D30410828F65E5E00882389 /* Cache */ = {
			isa = PBXGroup;
			children = (
				1D30410928F65E5E00882389 /* Storage.swift */,
				1D30410A28F65E5E00882389 /* ImageCache.swift */,
				1D30410B28F65E5E00882389 /* MemoryStorage.swift */,
				1D30410C28F65E5E00882389 /* DiskStorage.swift */,
				1D30410D28F65E5E00882389 /* CacheSerializer.swift */,
				1D30410E28F65E5E00882389 /* FormatIndicatedCacheSerializer.swift */,
			);
			path = Cache;
			sourceTree = "<group>";
		};
		1D30410F28F65E5E00882389 /* General */ = {
			isa = PBXGroup;
			children = (
				1D30411028F65E5E00882389 /* Kingfisher.swift */,
				1D30411128F65E5E00882389 /* KingfisherError.swift */,
				1D30411228F65E5E00882389 /* KF.swift */,
				1D30411328F65E5E00882389 /* ImageSource */,
				1D30411828F65E5E00882389 /* KFOptionsSetter.swift */,
				1D30411928F65E5E00882389 /* KingfisherManager.swift */,
				1D30411A28F65E5E00882389 /* KingfisherOptionsInfo.swift */,
			);
			path = General;
			sourceTree = "<group>";
		};
		1D30411328F65E5E00882389 /* ImageSource */ = {
			isa = PBXGroup;
			children = (
				1D30411428F65E5E00882389 /* Source.swift */,
				1D30411528F65E5E00882389 /* Resource.swift */,
				1D30411628F65E5E00882389 /* ImageDataProvider.swift */,
				1D30411728F65E5E00882389 /* AVAssetImageDataProvider.swift */,
			);
			path = ImageSource;
			sourceTree = "<group>";
		};
		1D30411B28F65E5E00882389 /* Networking */ = {
			isa = PBXGroup;
			children = (
				1D30411C28F65E5E00882389 /* ImageDownloaderDelegate.swift */,
				1D30411D28F65E5E00882389 /* RequestModifier.swift */,
				1D30411E28F65E5E00882389 /* ImageDataProcessor.swift */,
				1D30411F28F65E5E00882389 /* SessionDataTask.swift */,
				1D30412028F65E5E00882389 /* RedirectHandler.swift */,
				1D30412128F65E5E00882389 /* ImageDownloader.swift */,
				1D30412228F65E5E00882389 /* AuthenticationChallengeResponsable.swift */,
				1D30412328F65E5E00882389 /* ImageModifier.swift */,
				1D30412428F65E5E00882389 /* RetryStrategy.swift */,
				1D30412528F65E5E00882389 /* SessionDelegate.swift */,
				1D30412628F65E5E00882389 /* ImagePrefetcher.swift */,
			);
			path = Networking;
			sourceTree = "<group>";
		};
		1D30412728F65E5E00882389 /* Image */ = {
			isa = PBXGroup;
			children = (
				1D30412828F65E5E00882389 /* ImageProgressive.swift */,
				1D30412928F65E5E00882389 /* Image.swift */,
				1D30412A28F65E5E00882389 /* ImageFormat.swift */,
				1D30412B28F65E5E00882389 /* ImageDrawing.swift */,
				1D30412C28F65E5E00882389 /* ImageTransition.swift */,
				1D30412D28F65E5F00882389 /* ImageProcessor.swift */,
				1D30412E28F65E5F00882389 /* GraphicsContext.swift */,
				1D30412F28F65E5F00882389 /* Filter.swift */,
				1D30413028F65E5F00882389 /* Placeholder.swift */,
				1D30413128F65E5F00882389 /* GIFAnimatedImage.swift */,
			);
			path = Image;
			sourceTree = "<group>";
		};
		1D30413228F65E5F00882389 /* Extensions */ = {
			isa = PBXGroup;
			children = (
				1D30413328F65E5F00882389 /* TVMonogramView+Kingfisher.swift */,
				1D30413428F65E5F00882389 /* ImageView+Kingfisher.swift */,
				1D30413528F65E5F00882389 /* NSButton+Kingfisher.swift */,
				1D30413628F65E5F00882389 /* UIButton+Kingfisher.swift */,
				1D30413728F65E5F00882389 /* WKInterfaceImage+Kingfisher.swift */,
				1D30413828F65E5F00882389 /* NSTextAttachment+Kingfisher.swift */,
				1D30413928F65E5F00882389 /* CPListItem+Kingfisher.swift */,
			);
			path = Extensions;
			sourceTree = "<group>";
		};
		1D30413A28F65E5F00882389 /* Views */ = {
			isa = PBXGroup;
			children = (
				1D30413B28F65E5F00882389 /* Indicator.swift */,
				1D30413C28F65E5F00882389 /* AnimatedImageView.swift */,
			);
			path = Views;
			sourceTree = "<group>";
		};
		1D30413D28F65E5F00882389 /* SwiftUI */ = {
			isa = PBXGroup;
			children = (
				1D30413E28F65E5F00882389 /* ImageBinder.swift */,
				1D30413F28F65E5F00882389 /* KFImageProtocol.swift */,
				1D30414028F65E5F00882389 /* KFAnimatedImage.swift */,
				1D30414128F65E5F00882389 /* KFImage.swift */,
				1D30414228F65E5F00882389 /* KFImageOptions.swift */,
				1D30414328F65E5F00882389 /* ImageContext.swift */,
				1D30414428F65E5F00882389 /* KFImageRenderer.swift */,
			);
			path = SwiftUI;
			sourceTree = "<group>";
		};
		1D30414528F65E5F00882389 /* Utility */ = {
			isa = PBXGroup;
			children = (
				1D30414628F65E5F00882389 /* Runtime.swift */,
				1D30414728F65E5F00882389 /* CallbackQueue.swift */,
				1D30414828F65E5F00882389 /* Delegate.swift */,
				1D30414928F65E5F00882389 /* ExtensionHelpers.swift */,
				1D30414A28F65E5F00882389 /* Result.swift */,
				1D30414B28F65E5F00882389 /* SizeExtensions.swift */,
				1D30414C28F65E5F00882389 /* Box.swift */,
				1D30414D28F65E5F00882389 /* String+MD5.swift */,
			);
			path = Utility;
			sourceTree = "<group>";
		};
		1DBFF24226B8DA9800C5DEAA /* validator */ = {
			isa = PBXGroup;
			children = (
				1DBFF24326B8DAF700C5DEAA /* JValidateResult.swift */,
				1DBFF24526B8DB3000C5DEAA /* JRegexValidator.swift */,
			);
			path = validator;
			sourceTree = "<group>";
		};
		1DE7E76D26A54C48007EE3F9 = {
			isa = PBXGroup;
			children = (
				1DE7E77826A54C48007EE3F9 /* JForm */,
				1DE7E78F26A54C4B007EE3F9 /* JFormTests */,
				1DE7E77726A54C48007EE3F9 /* Products */,
				42BAE7E8312F3ACE9F8B76C5 /* Pods */,
				DEF7504F0960344CCCD8CE9E /* Frameworks */,
			);
			sourceTree = "<group>";
		};
		1DE7E77726A54C48007EE3F9 /* Products */ = {
			isa = PBXGroup;
			children = (
				1DE7E77626A54C48007EE3F9 /* JForm.app */,
				1DE7E78C26A54C4B007EE3F9 /* JFormTests.xctest */,
			);
			name = Products;
			sourceTree = "<group>";
		};
		1DE7E77826A54C48007EE3F9 /* JForm */ = {
			isa = PBXGroup;
			children = (
				1DE7E7A926A54DC3007EE3F9 /* JForm */,
				1DE7E77926A54C48007EE3F9 /* AppDelegate.swift */,
				1DE7E77D26A54C48007EE3F9 /* ViewController.swift */,
				1DBFF22526AFF16700C5DEAA /* TextViewController.swift */,
				1DBFF22726AFF17000C5DEAA /* SelectViewController.swift */,
				1DBFF22926AFF17900C5DEAA /* DateViewController.swift */,
				1DBFF22B26AFF18400C5DEAA /* OtherViewController.swift */,
				1DBFF22D26AFF18E00C5DEAA /* ValidatorViewController.swift */,
				1D820BF926BA371C00E0F853 /* FormViewControlelr.swift */,
				1DADC74827682F9900520C91 /* FormFormViewController.swift */,
				1DE6341D2797EB39006380DC /* TestViewController.swift */,
				1D30410428F65E5E00882389 /* Kingfisher */,
				1DE7E77F26A54C48007EE3F9 /* Main.storyboard */,
				1DE7E78226A54C4B007EE3F9 /* Assets.xcassets */,
				1DE7E78426A54C4B007EE3F9 /* LaunchScreen.storyboard */,
				1DE7E78726A54C4B007EE3F9 /* Info.plist */,
				1D5B70E227E0315E00E35BB3 /* JForm.bundle */,
			);
			path = JForm;
			sourceTree = "<group>";
		};
		1DE7E78F26A54C4B007EE3F9 /* JFormTests */ = {
			isa = PBXGroup;
			children = (
				1DE7E79026A54C4B007EE3F9 /* JFormTests.swift */,
				1DE9BA75275EF1DF00D8E6F8 /* UITests.swift */,
				1DE9BA7C275EFE2500D8E6F8 /* JFormTests-Bridging-Header.h */,
				1DE7E79226A54C4B007EE3F9 /* Info.plist */,
			);
			path = JFormTests;
			sourceTree = "<group>";
		};
		1DE7E7A926A54DC3007EE3F9 /* JForm */ = {
			isa = PBXGroup;
			children = (
				1D3040FE28F506C200882389 /* node */,
				1DBFF24226B8DA9800C5DEAA /* validator */,
				1DE7E7D826A7B806007EE3F9 /* helper */,
				1DE7E7BC26A666CC007EE3F9 /* cell */,
				1DE7E7B526A5C01C007EE3F9 /* protocol */,
				1DE7E7AA26A54E92007EE3F9 /* descriptor */,
				1DE7E7B326A554A9007EE3F9 /* CommonAttributes.swift */,
				1DE7E7BA26A666B3007EE3F9 /* JForm.swift */,
			);
			path = JForm;
			sourceTree = "<group>";
		};
		1DE7E7AA26A54E92007EE3F9 /* descriptor */ = {
			isa = PBXGroup;
			children = (
				1DE7E7AB26A5525A007EE3F9 /* BaseDescriptor.swift */,
				1DE7E7AD26A55272007EE3F9 /* RowDescriptor.swift */,
				1DE7E7AF26A55281007EE3F9 /* SectionDescriptor.swift */,
				1DE7E7B126A5529D007EE3F9 /* FormDescriptor.swift */,
			);
			path = descriptor;
			sourceTree = "<group>";
		};
		1DE7E7B526A5C01C007EE3F9 /* protocol */ = {
			isa = PBXGroup;
			children = (
				1DE7E7B626A5C041007EE3F9 /* JValidateProtocol.swift */,
				1DA20B4A27C8A7AA00161E8B /* JFormDescriptorDelegate.swift */,
				1DE7E7BD26A6680D007EE3F9 /* JFormDelegate.swift */,
				1D30410128F5458F00882389 /* NetworkImageHelper.swift */,
			);
			path = protocol;
			sourceTree = "<group>";
		};
		1DE7E7BC26A666CC007EE3F9 /* cell */ = {
			isa = PBXGroup;
			children = (
				1DE7E7BF26A66CBD007EE3F9 /* JBaseCellNode.swift */,
				1DE7E7C426A6FE98007EE3F9 /* JTextFieldCellNode.swift */,
				1DE7E7C626A70055007EE3F9 /* JTextViewCellNode.swift */,
				1DE7E7E126A96F13007EE3F9 /* JInfoCellNode.swift */,
				1DE7E7C826A7045B007EE3F9 /* JSelectCellNode.swift */,
				1DE7E7CA26A7046F007EE3F9 /* JDateCellNode.swift */,
				1DE7E7CC26A7047A007EE3F9 /* JDateInlineCellNode.swift */,
				1DE7E7CE26A7048A007EE3F9 /* JSwitchCellNode.swift */,
				1DE7E7D026A70499007EE3F9 /* JCheckCellNode.swift */,
				1DE7E7D226A704A5007EE3F9 /* JStepCounterCellNode.swift */,
				1DE7E7D426A704B1007EE3F9 /* JSegmentCellNode.swift */,
				1DE7E7D626A704C5007EE3F9 /* JSliderCellNode.swift */,
			);
			path = cell;
			sourceTree = "<group>";
		};
		1DE7E7D826A7B806007EE3F9 /* helper */ = {
			isa = PBXGroup;
			children = (
				1D820BFB26BA7D6400E0F853 /* OptionItem.swift */,
				1DE7E7D926A7B81E007EE3F9 /* ColorConvertible.swift */,
				1DBFF21726AE95DD00C5DEAA /* JSelectViewController.swift */,
			);
			path = helper;
			sourceTree = "<group>";
		};
		42BAE7E8312F3ACE9F8B76C5 /* Pods */ = {
			isa = PBXGroup;
			children = (
				750701BF502CB83A9D607C6E /* Pods-JForm.debug.xcconfig */,
				256C2159558373B227EE838D /* Pods-JForm.release.xcconfig */,
				BD0DF0DA09D5C0DD8EA63FF8 /* Pods-JFormTests.debug.xcconfig */,
				824FA5EC985301EC5DD1B999 /* Pods-JFormTests.release.xcconfig */,
			);
			path = Pods;
			sourceTree = "<group>";
		};
		DEF7504F0960344CCCD8CE9E /* Frameworks */ = {
			isa = PBXGroup;
			children = (
				1DE9BA85275F01DB00D8E6F8 /* XCTest.framework */,
				1DE9BA83275F018600D8E6F8 /* libKIF.a */,
				1DE9BA7A275EFD8500D8E6F8 /* IOKit.framework */,
				1DE9BA72275DFBB600D8E6F8 /* QuartzCore.framework */,
				1DE9BA70275DFBA800D8E6F8 /* CoreGraphics.framework */,
				9CD482B9BB665807E0184B74 /* Pods_JForm.framework */,
				F04A01B8BC6A4FA843AB6E91 /* libPods-JFormTests.a */,
			);
			name = Frameworks;
			sourceTree = "<group>";
		};
/* End PBXGroup section */

/* Begin PBXNativeTarget section */
		1DE7E77526A54C48007EE3F9 /* JForm */ = {
			isa = PBXNativeTarget;
			buildConfigurationList = 1DE7E7A026A54C4B007EE3F9 /* Build configuration list for PBXNativeTarget "JForm" */;
			buildPhases = (
				977BEBEDE4BDBC42E8586255 /* [CP] Check Pods Manifest.lock */,
				1DE7E77226A54C48007EE3F9 /* Sources */,
				1DE7E77326A54C48007EE3F9 /* Frameworks */,
				1DE7E77426A54C48007EE3F9 /* Resources */,
				88C5BA6D794685797CED27A5 /* [CP] Embed Pods Frameworks */,
			);
			buildRules = (
			);
			dependencies = (
			);
			name = JForm;
			productName = JForm;
			productReference = 1DE7E77626A54C48007EE3F9 /* JForm.app */;
			productType = "com.apple.product-type.application";
		};
		1DE7E78B26A54C4B007EE3F9 /* JFormTests */ = {
			isa = PBXNativeTarget;
			buildConfigurationList = 1DE7E7A326A54C4B007EE3F9 /* Build configuration list for PBXNativeTarget "JFormTests" */;
			buildPhases = (
				49E8799F9A5296C0B63C4BB0 /* [CP] Check Pods Manifest.lock */,
				1DE7E78826A54C4B007EE3F9 /* Sources */,
				1DE7E78926A54C4B007EE3F9 /* Frameworks */,
				1DE7E78A26A54C4B007EE3F9 /* Resources */,
			);
			buildRules = (
			);
			dependencies = (
				1DE7E78E26A54C4B007EE3F9 /* PBXTargetDependency */,
			);
			name = JFormTests;
			productName = JFormTests;
			productReference = 1DE7E78C26A54C4B007EE3F9 /* JFormTests.xctest */;
			productType = "com.apple.product-type.bundle.unit-test";
		};
/* End PBXNativeTarget section */

/* Begin PBXProject section */
		1DE7E76E26A54C48007EE3F9 /* Project object */ = {
			isa = PBXProject;
			attributes = {
				LastSwiftUpdateCheck = 1250;
				LastUpgradeCheck = 1250;
				TargetAttributes = {
					1DE7E77526A54C48007EE3F9 = {
						CreatedOnToolsVersion = 12.5;
						LastSwiftMigration = 1250;
					};
					1DE7E78B26A54C4B007EE3F9 = {
						CreatedOnToolsVersion = 12.5;
						TestTargetID = 1DE7E77526A54C48007EE3F9;
					};
				};
			};
			buildConfigurationList = 1DE7E77126A54C48007EE3F9 /* Build configuration list for PBXProject "JForm" */;
			compatibilityVersion = "Xcode 9.3";
			developmentRegion = en;
			hasScannedForEncodings = 0;
			knownRegions = (
				en,
				Base,
			);
			mainGroup = 1DE7E76D26A54C48007EE3F9;
			productRefGroup = 1DE7E77726A54C48007EE3F9 /* Products */;
			projectDirPath = "";
			projectRoot = "";
			targets = (
				1DE7E77526A54C48007EE3F9 /* JForm */,
				1DE7E78B26A54C4B007EE3F9 /* JFormTests */,
			);
		};
/* End PBXProject section */

/* Begin PBXResourcesBuildPhase section */
		1DE7E77426A54C48007EE3F9 /* Resources */ = {
			isa = PBXResourcesBuildPhase;
			buildActionMask = 2147483647;
			files = (
				1D30414F28F65E5F00882389 /* README.md in Resources */,
				1DE7E78626A54C4B007EE3F9 /* LaunchScreen.storyboard in Resources */,
				1DE7E78326A54C4B007EE3F9 /* Assets.xcassets in Resources */,
				1D5B70E327E0315E00E35BB3 /* JForm.bundle in Resources */,
				1DE7E78126A54C48007EE3F9 /* Main.storyboard in Resources */,
				1D30414E28F65E5F00882389 /* LICENSE in Resources */,
			);
			runOnlyForDeploymentPostprocessing = 0;
		};
		1DE7E78A26A54C4B007EE3F9 /* Resources */ = {
			isa = PBXResourcesBuildPhase;
			buildActionMask = 2147483647;
			files = (
			);
			runOnlyForDeploymentPostprocessing = 0;
		};
/* End PBXResourcesBuildPhase section */

/* Begin PBXShellScriptBuildPhase section */
		49E8799F9A5296C0B63C4BB0 /* [CP] Check Pods Manifest.lock */ = {
			isa = PBXShellScriptBuildPhase;
			buildActionMask = 2147483647;
			files = (
			);
			inputFileListPaths = (
			);
			inputPaths = (
				"${PODS_PODFILE_DIR_PATH}/Podfile.lock",
				"${PODS_ROOT}/Manifest.lock",
			);
			name = "[CP] Check Pods Manifest.lock";
			outputFileListPaths = (
			);
			outputPaths = (
				"$(DERIVED_FILE_DIR)/Pods-JFormTests-checkManifestLockResult.txt",
			);
			runOnlyForDeploymentPostprocessing = 0;
			shellPath = /bin/sh;
			shellScript = "diff \"${PODS_PODFILE_DIR_PATH}/Podfile.lock\" \"${PODS_ROOT}/Manifest.lock\" > /dev/null\nif [ $? != 0 ] ; then\n    # print error to STDERR\n    echo \"error: The sandbox is not in sync with the Podfile.lock. Run 'pod install' or update your CocoaPods installation.\" >&2\n    exit 1\nfi\n# This output is used by Xcode 'outputs' to avoid re-running this script phase.\necho \"SUCCESS\" > \"${SCRIPT_OUTPUT_FILE_0}\"\n";
			showEnvVarsInLog = 0;
		};
		88C5BA6D794685797CED27A5 /* [CP] Embed Pods Frameworks */ = {
			isa = PBXShellScriptBuildPhase;
			buildActionMask = 2147483647;
			files = (
			);
			inputFileListPaths = (
				"${PODS_ROOT}/Target Support Files/Pods-JForm/Pods-JForm-frameworks-${CONFIGURATION}-input-files.xcfilelist",
			);
			name = "[CP] Embed Pods Frameworks";
			outputFileListPaths = (
				"${PODS_ROOT}/Target Support Files/Pods-JForm/Pods-JForm-frameworks-${CONFIGURATION}-output-files.xcfilelist",
			);
			runOnlyForDeploymentPostprocessing = 0;
			shellPath = /bin/sh;
			shellScript = "\"${PODS_ROOT}/Target Support Files/Pods-JForm/Pods-JForm-frameworks.sh\"\n";
			showEnvVarsInLog = 0;
		};
		977BEBEDE4BDBC42E8586255 /* [CP] Check Pods Manifest.lock */ = {
			isa = PBXShellScriptBuildPhase;
			buildActionMask = 2147483647;
			files = (
			);
			inputFileListPaths = (
			);
			inputPaths = (
				"${PODS_PODFILE_DIR_PATH}/Podfile.lock",
				"${PODS_ROOT}/Manifest.lock",
			);
			name = "[CP] Check Pods Manifest.lock";
			outputFileListPaths = (
			);
			outputPaths = (
				"$(DERIVED_FILE_DIR)/Pods-JForm-checkManifestLockResult.txt",
			);
			runOnlyForDeploymentPostprocessing = 0;
			shellPath = /bin/sh;
			shellScript = "diff \"${PODS_PODFILE_DIR_PATH}/Podfile.lock\" \"${PODS_ROOT}/Manifest.lock\" > /dev/null\nif [ $? != 0 ] ; then\n    # print error to STDERR\n    echo \"error: The sandbox is not in sync with the Podfile.lock. Run 'pod install' or update your CocoaPods installation.\" >&2\n    exit 1\nfi\n# This output is used by Xcode 'outputs' to avoid re-running this script phase.\necho \"SUCCESS\" > \"${SCRIPT_OUTPUT_FILE_0}\"\n";
			showEnvVarsInLog = 0;
		};
/* End PBXShellScriptBuildPhase section */

/* Begin PBXSourcesBuildPhase section */
		1DE7E77226A54C48007EE3F9 /* Sources */ = {
			isa = PBXSourcesBuildPhase;
			buildActionMask = 2147483647;
			files = (
				1D30418D28F93B5800882389 /* JFormTests-Bridging-Header.h in Sources */,
				1D30417E28F65E5F00882389 /* ImageBinder.swift in Sources */,
				1D30415C28F65E5F00882389 /* AVAssetImageDataProvider.swift in Sources */,
				1DE7E7BB26A666B3007EE3F9 /* JForm.swift in Sources */,
				1D30417028F65E5F00882389 /* ImageProcessor.swift in Sources */,
				1D30417B28F65E5F00882389 /* CPListItem+Kingfisher.swift in Sources */,
				1D30417328F65E5F00882389 /* Placeholder.swift in Sources */,
				1D30418928F65E5F00882389 /* Result.swift in Sources */,
				1D30417C28F65E5F00882389 /* Indicator.swift in Sources */,
				1DE7E7CF26A7048A007EE3F9 /* JSwitchCellNode.swift in Sources */,
				1D30417928F65E5F00882389 /* WKInterfaceImage+Kingfisher.swift in Sources */,
				1D30415B28F65E5F00882389 /* ImageDataProvider.swift in Sources */,
				1DBFF22A26AFF17900C5DEAA /* DateViewController.swift in Sources */,
				1D30416328F65E5F00882389 /* SessionDataTask.swift in Sources */,
				1D30416028F65E5F00882389 /* ImageDownloaderDelegate.swift in Sources */,
				1DE7E7C726A70055007EE3F9 /* JTextViewCellNode.swift in Sources */,
				1D30416A28F65E5F00882389 /* ImagePrefetcher.swift in Sources */,
				1DE7E7B726A5C041007EE3F9 /* JValidateProtocol.swift in Sources */,
				1D30417728F65E5F00882389 /* NSButton+Kingfisher.swift in Sources */,
				1D30417A28F65E5F00882389 /* NSTextAttachment+Kingfisher.swift in Sources */,
				1D30418028F65E5F00882389 /* KFAnimatedImage.swift in Sources */,
				1D30415228F65E5F00882389 /* MemoryStorage.swift in Sources */,
				1D30416B28F65E5F00882389 /* ImageProgressive.swift in Sources */,
				1D30415D28F65E5F00882389 /* KFOptionsSetter.swift in Sources */,
				1D30418A28F65E5F00882389 /* SizeExtensions.swift in Sources */,
				1D30417128F65E5F00882389 /* GraphicsContext.swift in Sources */,
				1D30417528F65E5F00882389 /* TVMonogramView+Kingfisher.swift in Sources */,
				1DE6341E2797EB39006380DC /* TestViewController.swift in Sources */,
				1D30415528F65E5F00882389 /* FormatIndicatedCacheSerializer.swift in Sources */,
				1D30415928F65E5F00882389 /* Source.swift in Sources */,
				1D30410228F5458F00882389 /* NetworkImageHelper.swift in Sources */,
				1D30415328F65E5F00882389 /* DiskStorage.swift in Sources */,
				1D30410028F506DD00882389 /* NetworkImageNode.swift in Sources */,
				1D30416128F65E5F00882389 /* RequestModifier.swift in Sources */,
				1DBFF22E26AFF18E00C5DEAA /* ValidatorViewController.swift in Sources */,
				1DBFF22626AFF16700C5DEAA /* TextViewController.swift in Sources */,
				1D30416828F65E5F00882389 /* RetryStrategy.swift in Sources */,
				1D30415128F65E5F00882389 /* ImageCache.swift in Sources */,
				1DE7E7CD26A7047A007EE3F9 /* JDateInlineCellNode.swift in Sources */,
				1DBFF24426B8DAF700C5DEAA /* JValidateResult.swift in Sources */,
				1DE7E77E26A54C48007EE3F9 /* ViewController.swift in Sources */,
				1D30416E28F65E5F00882389 /* ImageDrawing.swift in Sources */,
				1DE7E7D326A704A5007EE3F9 /* JStepCounterCellNode.swift in Sources */,
				1D30418628F65E5F00882389 /* CallbackQueue.swift in Sources */,
				1D30418428F65E5F00882389 /* KFImageRenderer.swift in Sources */,
				1DA20B4B27C8A7AA00161E8B /* JFormDescriptorDelegate.swift in Sources */,
				1D30415A28F65E5F00882389 /* Resource.swift in Sources */,
				1D30417828F65E5F00882389 /* UIButton+Kingfisher.swift in Sources */,
				1DE7E7B426A554A9007EE3F9 /* CommonAttributes.swift in Sources */,
				1DE7E7B226A5529D007EE3F9 /* FormDescriptor.swift in Sources */,
				1DADC74927682F9900520C91 /* FormFormViewController.swift in Sources */,
				1DE7E7E226A96F13007EE3F9 /* JInfoCellNode.swift in Sources */,
				1D30417628F65E5F00882389 /* ImageView+Kingfisher.swift in Sources */,
				1D30417428F65E5F00882389 /* GIFAnimatedImage.swift in Sources */,
				1DE7E7AC26A5525A007EE3F9 /* BaseDescriptor.swift in Sources */,
				1D30416F28F65E5F00882389 /* ImageTransition.swift in Sources */,
				1D30415E28F65E5F00882389 /* KingfisherManager.swift in Sources */,
				1D30418128F65E5F00882389 /* KFImage.swift in Sources */,
				1D30418C28F65E5F00882389 /* String+MD5.swift in Sources */,
				1D30415728F65E5F00882389 /* KingfisherError.swift in Sources */,
				1DE7E7D726A704C5007EE3F9 /* JSliderCellNode.swift in Sources */,
				1D820BFA26BA371C00E0F853 /* FormViewControlelr.swift in Sources */,
				1DE7E7B026A55281007EE3F9 /* SectionDescriptor.swift in Sources */,
				1D30416428F65E5F00882389 /* RedirectHandler.swift in Sources */,
				1DBFF24626B8DB3100C5DEAA /* JRegexValidator.swift in Sources */,
				1D30415828F65E5F00882389 /* KF.swift in Sources */,
				1DE7E7DA26A7B81E007EE3F9 /* ColorConvertible.swift in Sources */,
				1DBFF21826AE95DD00C5DEAA /* JSelectViewController.swift in Sources */,
				1D30418228F65E5F00882389 /* KFImageOptions.swift in Sources */,
				1D30415628F65E5F00882389 /* Kingfisher.swift in Sources */,
				1DE7E7D526A704B1007EE3F9 /* JSegmentCellNode.swift in Sources */,
				1DBFF22C26AFF18400C5DEAA /* OtherViewController.swift in Sources */,
				1D30416628F65E5F00882389 /* AuthenticationChallengeResponsable.swift in Sources */,
				1D30418B28F65E5F00882389 /* Box.swift in Sources */,
				1D30418528F65E5F00882389 /* Runtime.swift in Sources */,
				1D30416928F65E5F00882389 /* SessionDelegate.swift in Sources */,
				1D30416728F65E5F00882389 /* ImageModifier.swift in Sources */,
				1D30418328F65E5F00882389 /* ImageContext.swift in Sources */,
				1DE7E77A26A54C48007EE3F9 /* AppDelegate.swift in Sources */,
				1D30418728F65E5F00882389 /* Delegate.swift in Sources */,
				1D30416528F65E5F00882389 /* ImageDownloader.swift in Sources */,
				1D30415F28F65E5F00882389 /* KingfisherOptionsInfo.swift in Sources */,
				1DE7E7AE26A55272007EE3F9 /* RowDescriptor.swift in Sources */,
				1D30416228F65E5F00882389 /* ImageDataProcessor.swift in Sources */,
				1D820BFC26BA7D6400E0F853 /* OptionItem.swift in Sources */,
				1DE7E7D126A70499007EE3F9 /* JCheckCellNode.swift in Sources */,
				1DE7E7CB26A7046F007EE3F9 /* JDateCellNode.swift in Sources */,
				1D30416C28F65E5F00882389 /* Image.swift in Sources */,
				1DE7E7BE26A6680D007EE3F9 /* JFormDelegate.swift in Sources */,
				1DE7E7C026A66CBD007EE3F9 /* JBaseCellNode.swift in Sources */,
				1D30417228F65E5F00882389 /* Filter.swift in Sources */,
				1D30417F28F65E5F00882389 /* KFImageProtocol.swift in Sources */,
				1D30415428F65E5F00882389 /* CacheSerializer.swift in Sources */,
				1DBFF22826AFF17000C5DEAA /* SelectViewController.swift in Sources */,
				1D30416D28F65E5F00882389 /* ImageFormat.swift in Sources */,
				1DE7E7C926A7045B007EE3F9 /* JSelectCellNode.swift in Sources */,
				1DE7E7C526A6FE98007EE3F9 /* JTextFieldCellNode.swift in Sources */,
				1D30415028F65E5F00882389 /* Storage.swift in Sources */,
				1D30418828F65E5F00882389 /* ExtensionHelpers.swift in Sources */,
				1D30417D28F65E5F00882389 /* AnimatedImageView.swift in Sources */,
			);
			runOnlyForDeploymentPostprocessing = 0;
		};
		1DE7E78826A54C4B007EE3F9 /* Sources */ = {
			isa = PBXSourcesBuildPhase;
			buildActionMask = 2147483647;
			files = (
				1DE9BA88275F419300D8E6F8 /* JFormTests-Bridging-Header.h in Sources */,
				1DE7E79126A54C4B007EE3F9 /* JFormTests.swift in Sources */,
				1DE9BA76275EF1DF00D8E6F8 /* UITests.swift in Sources */,
			);
			runOnlyForDeploymentPostprocessing = 0;
		};
/* End PBXSourcesBuildPhase section */

/* Begin PBXTargetDependency section */
		1DE7E78E26A54C4B007EE3F9 /* PBXTargetDependency */ = {
			isa = PBXTargetDependency;
			target = 1DE7E77526A54C48007EE3F9 /* JForm */;
			targetProxy = 1DE7E78D26A54C4B007EE3F9 /* PBXContainerItemProxy */;
		};
/* End PBXTargetDependency section */

/* Begin PBXVariantGroup section */
		1DE7E77F26A54C48007EE3F9 /* Main.storyboard */ = {
			isa = PBXVariantGroup;
			children = (
				1DE7E78026A54C48007EE3F9 /* Base */,
			);
			name = Main.storyboard;
			sourceTree = "<group>";
		};
		1DE7E78426A54C4B007EE3F9 /* LaunchScreen.storyboard */ = {
			isa = PBXVariantGroup;
			children = (
				1DE7E78526A54C4B007EE3F9 /* Base */,
			);
			name = LaunchScreen.storyboard;
			sourceTree = "<group>";
		};
/* End PBXVariantGroup section */

/* Begin XCBuildConfiguration section */
		1DE7E79E26A54C4B007EE3F9 /* Debug */ = {
			isa = XCBuildConfiguration;
			buildSettings = {
				ALWAYS_SEARCH_USER_PATHS = NO;
				CLANG_ANALYZER_LOCALIZABILITY_NONLOCALIZED = YES;
				CLANG_ANALYZER_NONNULL = YES;
				CLANG_ANALYZER_NUMBER_OBJECT_CONVERSION = YES_AGGRESSIVE;
				CLANG_CXX_LANGUAGE_STANDARD = "gnu++14";
				CLANG_CXX_LIBRARY = "libc++";
				CLANG_ENABLE_MODULES = YES;
				CLANG_ENABLE_OBJC_ARC = YES;
				CLANG_ENABLE_OBJC_WEAK = YES;
				CLANG_WARN_BLOCK_CAPTURE_AUTORELEASING = YES;
				CLANG_WARN_BOOL_CONVERSION = YES;
				CLANG_WARN_COMMA = YES;
				CLANG_WARN_CONSTANT_CONVERSION = YES;
				CLANG_WARN_DEPRECATED_OBJC_IMPLEMENTATIONS = YES;
				CLANG_WARN_DIRECT_OBJC_ISA_USAGE = YES_ERROR;
				CLANG_WARN_DOCUMENTATION_COMMENTS = YES;
				CLANG_WARN_EMPTY_BODY = YES;
				CLANG_WARN_ENUM_CONVERSION = YES;
				CLANG_WARN_INFINITE_RECURSION = YES;
				CLANG_WARN_INT_CONVERSION = YES;
				CLANG_WARN_NON_LITERAL_NULL_CONVERSION = YES;
				CLANG_WARN_OBJC_IMPLICIT_RETAIN_SELF = YES;
				CLANG_WARN_OBJC_LITERAL_CONVERSION = YES;
				CLANG_WARN_OBJC_ROOT_CLASS = YES_ERROR;
				CLANG_WARN_QUOTED_INCLUDE_IN_FRAMEWORK_HEADER = YES;
				CLANG_WARN_RANGE_LOOP_ANALYSIS = YES;
				CLANG_WARN_STRICT_PROTOTYPES = YES;
				CLANG_WARN_SUSPICIOUS_MOVE = YES;
				CLANG_WARN_UNGUARDED_AVAILABILITY = YES_AGGRESSIVE;
				CLANG_WARN_UNREACHABLE_CODE = YES;
				CLANG_WARN__DUPLICATE_METHOD_MATCH = YES;
				COPY_PHASE_STRIP = NO;
				DEBUG_INFORMATION_FORMAT = dwarf;
				ENABLE_STRICT_OBJC_MSGSEND = YES;
				ENABLE_TESTABILITY = YES;
				GCC_C_LANGUAGE_STANDARD = gnu11;
				GCC_DYNAMIC_NO_PIC = NO;
				GCC_NO_COMMON_BLOCKS = YES;
				GCC_OPTIMIZATION_LEVEL = 0;
				GCC_PREPROCESSOR_DEFINITIONS = (
					"DEBUG=1",
					"$(inherited)",
				);
				GCC_WARN_64_TO_32_BIT_CONVERSION = YES;
				GCC_WARN_ABOUT_RETURN_TYPE = YES_ERROR;
				GCC_WARN_UNDECLARED_SELECTOR = YES;
				GCC_WARN_UNINITIALIZED_AUTOS = YES_AGGRESSIVE;
				GCC_WARN_UNUSED_FUNCTION = YES;
				GCC_WARN_UNUSED_VARIABLE = YES;
				IPHONEOS_DEPLOYMENT_TARGET = 10.0;
				MTL_ENABLE_DEBUG_INFO = INCLUDE_SOURCE;
				MTL_FAST_MATH = YES;
				ONLY_ACTIVE_ARCH = YES;
				SDKROOT = iphoneos;
				SWIFT_ACTIVE_COMPILATION_CONDITIONS = DEBUG;
				SWIFT_OPTIMIZATION_LEVEL = "-Onone";
			};
			name = Debug;
		};
		1DE7E79F26A54C4B007EE3F9 /* Release */ = {
			isa = XCBuildConfiguration;
			buildSettings = {
				ALWAYS_SEARCH_USER_PATHS = NO;
				CLANG_ANALYZER_LOCALIZABILITY_NONLOCALIZED = YES;
				CLANG_ANALYZER_NONNULL = YES;
				CLANG_ANALYZER_NUMBER_OBJECT_CONVERSION = YES_AGGRESSIVE;
				CLANG_CXX_LANGUAGE_STANDARD = "gnu++14";
				CLANG_CXX_LIBRARY = "libc++";
				CLANG_ENABLE_MODULES = YES;
				CLANG_ENABLE_OBJC_ARC = YES;
				CLANG_ENABLE_OBJC_WEAK = YES;
				CLANG_WARN_BLOCK_CAPTURE_AUTORELEASING = YES;
				CLANG_WARN_BOOL_CONVERSION = YES;
				CLANG_WARN_COMMA = YES;
				CLANG_WARN_CONSTANT_CONVERSION = YES;
				CLANG_WARN_DEPRECATED_OBJC_IMPLEMENTATIONS = YES;
				CLANG_WARN_DIRECT_OBJC_ISA_USAGE = YES_ERROR;
				CLANG_WARN_DOCUMENTATION_COMMENTS = YES;
				CLANG_WARN_EMPTY_BODY = YES;
				CLANG_WARN_ENUM_CONVERSION = YES;
				CLANG_WARN_INFINITE_RECURSION = YES;
				CLANG_WARN_INT_CONVERSION = YES;
				CLANG_WARN_NON_LITERAL_NULL_CONVERSION = YES;
				CLANG_WARN_OBJC_IMPLICIT_RETAIN_SELF = YES;
				CLANG_WARN_OBJC_LITERAL_CONVERSION = YES;
				CLANG_WARN_OBJC_ROOT_CLASS = YES_ERROR;
				CLANG_WARN_QUOTED_INCLUDE_IN_FRAMEWORK_HEADER = YES;
				CLANG_WARN_RANGE_LOOP_ANALYSIS = YES;
				CLANG_WARN_STRICT_PROTOTYPES = YES;
				CLANG_WARN_SUSPICIOUS_MOVE = YES;
				CLANG_WARN_UNGUARDED_AVAILABILITY = YES_AGGRESSIVE;
				CLANG_WARN_UNREACHABLE_CODE = YES;
				CLANG_WARN__DUPLICATE_METHOD_MATCH = YES;
				COPY_PHASE_STRIP = NO;
				DEBUG_INFORMATION_FORMAT = "dwarf-with-dsym";
				ENABLE_NS_ASSERTIONS = NO;
				ENABLE_STRICT_OBJC_MSGSEND = YES;
				GCC_C_LANGUAGE_STANDARD = gnu11;
				GCC_NO_COMMON_BLOCKS = YES;
				GCC_WARN_64_TO_32_BIT_CONVERSION = YES;
				GCC_WARN_ABOUT_RETURN_TYPE = YES_ERROR;
				GCC_WARN_UNDECLARED_SELECTOR = YES;
				GCC_WARN_UNINITIALIZED_AUTOS = YES_AGGRESSIVE;
				GCC_WARN_UNUSED_FUNCTION = YES;
				GCC_WARN_UNUSED_VARIABLE = YES;
				IPHONEOS_DEPLOYMENT_TARGET = 10.0;
				MTL_ENABLE_DEBUG_INFO = NO;
				MTL_FAST_MATH = YES;
				SDKROOT = iphoneos;
				SWIFT_COMPILATION_MODE = wholemodule;
				SWIFT_OPTIMIZATION_LEVEL = "-O";
				VALIDATE_PRODUCT = YES;
			};
			name = Release;
		};
		1DE7E7A126A54C4B007EE3F9 /* Debug */ = {
			isa = XCBuildConfiguration;
			baseConfigurationReference = 750701BF502CB83A9D607C6E /* Pods-JForm.debug.xcconfig */;
			buildSettings = {
				ASSETCATALOG_COMPILER_APPICON_NAME = AppIcon;
				ASSETCATALOG_COMPILER_GLOBAL_ACCENT_COLOR_NAME = AccentColor;
				CLANG_ENABLE_MODULES = YES;
				CODE_SIGN_STYLE = Automatic;
				DEVELOPMENT_TEAM = WX88XVVE62;
				INFOPLIST_FILE = JForm/Info.plist;
				IPHONEOS_DEPLOYMENT_TARGET = 12.0;
				LD_RUNPATH_SEARCH_PATHS = (
					"$(inherited)",
					"@executable_path/Frameworks",
				);
				PRODUCT_BUNDLE_IDENTIFIER = com.juesheng.JForm;
				PRODUCT_NAME = "$(TARGET_NAME)";
				SWIFT_OBJC_BRIDGING_HEADER = "";
				SWIFT_OPTIMIZATION_LEVEL = "-Onone";
				SWIFT_VERSION = 5.0;
				TARGETED_DEVICE_FAMILY = "1,2";
			};
			name = Debug;
		};
		1DE7E7A226A54C4B007EE3F9 /* Release */ = {
			isa = XCBuildConfiguration;
			baseConfigurationReference = 256C2159558373B227EE838D /* Pods-JForm.release.xcconfig */;
			buildSettings = {
				ASSETCATALOG_COMPILER_APPICON_NAME = AppIcon;
				ASSETCATALOG_COMPILER_GLOBAL_ACCENT_COLOR_NAME = AccentColor;
				CLANG_ENABLE_MODULES = YES;
				CODE_SIGN_STYLE = Automatic;
				DEVELOPMENT_TEAM = WX88XVVE62;
				INFOPLIST_FILE = JForm/Info.plist;
				IPHONEOS_DEPLOYMENT_TARGET = 12.0;
				LD_RUNPATH_SEARCH_PATHS = (
					"$(inherited)",
					"@executable_path/Frameworks",
				);
				PRODUCT_BUNDLE_IDENTIFIER = com.juesheng.JForm;
				PRODUCT_NAME = "$(TARGET_NAME)";
				SWIFT_OBJC_BRIDGING_HEADER = "";
				SWIFT_VERSION = 5.0;
				TARGETED_DEVICE_FAMILY = "1,2";
			};
			name = Release;
		};
		1DE7E7A426A54C4B007EE3F9 /* Debug */ = {
			isa = XCBuildConfiguration;
			baseConfigurationReference = BD0DF0DA09D5C0DD8EA63FF8 /* Pods-JFormTests.debug.xcconfig */;
			buildSettings = {
				ALWAYS_EMBED_SWIFT_STANDARD_LIBRARIES = YES;
				BUNDLE_LOADER = "$(TEST_HOST)";
				"CODE_SIGN_IDENTITY[sdk=macosx*]" = "Apple Development";
				CODE_SIGN_STYLE = Automatic;
				DEVELOPMENT_TEAM = WX88XVVE62;
				FRAMEWORK_SEARCH_PATHS = (
					"$(inherited)",
					"\"$(PLATFORM_DIR)/Developer/Library/Frameworks\"",
					"\"${PODS_CONFIGURATION_BUILD_DIR}/Texture\"",
				);
				INFOPLIST_FILE = JFormTests/Info.plist;
				IPHONEOS_DEPLOYMENT_TARGET = 12.0;
				LD_RUNPATH_SEARCH_PATHS = (
					"$(inherited)",
					"@executable_path/Frameworks",
					"@loader_path/Frameworks",
				);
				MACOSX_DEPLOYMENT_TARGET = 10.9;
				OTHER_LDFLAGS = (
					"-framework",
					IOKit,
					"-ObjC",
					"$(inherited)",
				);
				PRODUCT_BUNDLE_IDENTIFIER = com.juesheng.JFormTests;
				PRODUCT_NAME = "$(TARGET_NAME)";
				SWIFT_OBJC_BRIDGING_HEADER = "/Users/dqh/0-git_repos/个人项目-重要/JForm/JFormTests/JFormTests-Bridging-Header.h";
				SWIFT_VERSION = 5.0;
				TARGETED_DEVICE_FAMILY = "1,2";
				TEST_HOST = "$(BUILT_PRODUCTS_DIR)/JForm.app/$(BUNDLE_EXECUTABLE_FOLDER_PATH)/JForm";
				TVOS_DEPLOYMENT_TARGET = 9.0;
			};
			name = Debug;
		};
		1DE7E7A526A54C4B007EE3F9 /* Release */ = {
			isa = XCBuildConfiguration;
			baseConfigurationReference = 824FA5EC985301EC5DD1B999 /* Pods-JFormTests.release.xcconfig */;
			buildSettings = {
				ALWAYS_EMBED_SWIFT_STANDARD_LIBRARIES = YES;
				BUNDLE_LOADER = "$(TEST_HOST)";
				"CODE_SIGN_IDENTITY[sdk=macosx*]" = "Apple Development";
				CODE_SIGN_STYLE = Automatic;
				DEVELOPMENT_TEAM = WX88XVVE62;
				INFOPLIST_FILE = JFormTests/Info.plist;
				IPHONEOS_DEPLOYMENT_TARGET = 12.0;
				LD_RUNPATH_SEARCH_PATHS = (
					"$(inherited)",
					"@executable_path/Frameworks",
					"@loader_path/Frameworks",
				);
				MACOSX_DEPLOYMENT_TARGET = 10.9;
				OTHER_LDFLAGS = (
					"-framework",
					IOKit,
					"-ObjC",
					"$(inherited)",
				);
				PRODUCT_BUNDLE_IDENTIFIER = com.juesheng.JFormTests;
				PRODUCT_NAME = "$(TARGET_NAME)";
				SWIFT_OBJC_BRIDGING_HEADER = "/Users/dqh/0-git_repos/个人项目-重要/JForm/JFormTests/JFormTests-Bridging-Header.h";
				SWIFT_VERSION = 5.0;
				TARGETED_DEVICE_FAMILY = "1,2";
				TEST_HOST = "$(BUILT_PRODUCTS_DIR)/JForm.app/$(BUNDLE_EXECUTABLE_FOLDER_PATH)/JForm";
				TVOS_DEPLOYMENT_TARGET = 9.0;
			};
			name = Release;
		};
/* End XCBuildConfiguration section */

/* Begin XCConfigurationList section */
		1DE7E77126A54C48007EE3F9 /* Build configuration list for PBXProject "JForm" */ = {
			isa = XCConfigurationList;
			buildConfigurations = (
				1DE7E79E26A54C4B007EE3F9 /* Debug */,
				1DE7E79F26A54C4B007EE3F9 /* Release */,
			);
			defaultConfigurationIsVisible = 0;
			defaultConfigurationName = Release;
		};
		1DE7E7A026A54C4B007EE3F9 /* Build configuration list for PBXNativeTarget "JForm" */ = {
			isa = XCConfigurationList;
			buildConfigurations = (
				1DE7E7A126A54C4B007EE3F9 /* Debug */,
				1DE7E7A226A54C4B007EE3F9 /* Release */,
			);
			defaultConfigurationIsVisible = 0;
			defaultConfigurationName = Release;
		};
		1DE7E7A326A54C4B007EE3F9 /* Build configuration list for PBXNativeTarget "JFormTests" */ = {
			isa = XCConfigurationList;
			buildConfigurations = (
				1DE7E7A426A54C4B007EE3F9 /* Debug */,
				1DE7E7A526A54C4B007EE3F9 /* Release */,
			);
			defaultConfigurationIsVisible = 0;
			defaultConfigurationName = Release;
		};
/* End XCConfigurationList section */
	};
	rootObject = 1DE7E76E26A54C48007EE3F9 /* Project object */;
}
